// !$*UTF8*$!
{
	archiveVersion = 1;
	classes = {
	};
	objectVersion = 56;
	objects = {

/* Begin PBXBuildFile section */
		15033E6A2F88FACA008C1656 /* PollenDetailSheet.swift in Sources */ = {isa = PBXBuildFile; fileRef = 15033E692F88FACA008C1656 /* PollenDetailSheet.swift */; };
		1567122D2F825C9000D9F201 /* WeatherHorizon.metal in Sources */ = {isa = PBXBuildFile; fileRef = 1567122B2F825C9000D9F201 /* WeatherHorizon.metal */; };
		157C28652F825020004A6F3B /* SharedWeatherData.swift in Sources */ = {isa = PBXBuildFile; fileRef = 157C28642F825020004A6F3B /* SharedWeatherData.swift */; };
		157C28662F825020004A6F3B /* RainActivityAttributes.swift in Sources */ = {isa = PBXBuildFile; fileRef = 157C28632F825020004A6F3B /* RainActivityAttributes.swift */; };
		157C28682F825048004A6F3B /* RainActivityService.swift in Sources */ = {isa = PBXBuildFile; fileRef = 157C28672F825048004A6F3B /* RainActivityService.swift */; };
		157C286C2F825072004A6F3B /* HorizonHeaderView.swift in Sources */ = {isa = PBXBuildFile; fileRef = 157C286B2F825072004A6F3B /* HorizonHeaderView.swift */; };
		1970F737311F169626DC5A55 /* WeatherDetailSheets.swift in Sources */ = {isa = PBXBuildFile; fileRef = EB7249F30E05F0423B274849 /* WeatherDetailSheets.swift */; };
		27E028D3140BE0647F55C713 /* RainActivityBundle.swift in Sources */ = {isa = PBXBuildFile; fileRef = FEE8C93AB470C5854F673813 /* RainActivityBundle.swift */; };
		37DCA379BF28185CAE3566F4 /* RainActivityWidgetExtension.appex in Embed Foundation Extensions */ = {isa = PBXBuildFile; fileRef = BC7C6A625DBE4985A5ED7003 /* RainActivityWidgetExtension.appex */; settings = {ATTRIBUTES = (RemoveHeadersOnCopy, ); }; };
		3AECDD5B15027E925D375F3D /* RainActivityLiveActivity.swift in Sources */ = {isa = PBXBuildFile; fileRef = 8F215DB19775DCE54AE7E21D /* RainActivityLiveActivity.swift */; };
		4C94A2F268756BA9EBE4DB73 /* RainActivityAttributes.swift in Sources */ = {isa = PBXBuildFile; fileRef = 157C28632F825020004A6F3B /* RainActivityAttributes.swift */; };
		5A22089514508B04356DF77E /* MoonPhaseView.swift in Sources */ = {isa = PBXBuildFile; fileRef = 4BE3677C9D98AAD45D14DFDB /* MoonPhaseView.swift */; };
		5CDB6A5046B6E908F2963211 /* HourlyForecastWidget.swift in Sources */ = {isa = PBXBuildFile; fileRef = 03AC35D14154F1D67FC35840 /* HourlyForecastWidget.swift */; };
		620D9749D32AAF8232AAA911 /* DailyForecastWidget.swift in Sources */ = {isa = PBXBuildFile; fileRef = 009F65D49B2A05973C977B0B /* DailyForecastWidget.swift */; };
		624FA0D65101DADE4698D290 /* CurrentConditionsWidget.swift in Sources */ = {isa = PBXBuildFile; fileRef = D2C9661FE9304100665D140C /* CurrentConditionsWidget.swift */; };
		743EDF387CEA3347EDEA737E /* MoreDetailSheets.swift in Sources */ = {isa = PBXBuildFile; fileRef = DEEEA7D84419FB22AC7BC3FA /* MoreDetailSheets.swift */; };
		7461808CC6BA58546A213F1C /* GoogleCalendarService.swift in Sources */ = {isa = PBXBuildFile; fileRef = 858370CA3E846383A3D917FE /* GoogleCalendarService.swift */; };
		7B019AF3610ACFA7965094A4 /* RainTimelineWidget.swift in Sources */ = {isa = PBXBuildFile; fileRef = C12A7BB2B9ED0090534ECCA1 /* RainTimelineWidget.swift */; };
		8D344AF43330A0BC0FE0158D /* SharedWeatherData.swift in Sources */ = {isa = PBXBuildFile; fileRef = 157C28642F825020004A6F3B /* SharedWeatherData.swift */; };
		A10001 /* WeatherAppApp.swift in Sources */ = {isa = PBXBuildFile; fileRef = B10001 /* WeatherAppApp.swift */; };
		A10002 /* ContentView.swift in Sources */ = {isa = PBXBuildFile; fileRef = B10002 /* ContentView.swift */; };
		A10003 /* Assets.xcassets in Resources */ = {isa = PBXBuildFile; fileRef = B10003 /* Assets.xcassets */; };
		A10004 /* WeatherModels.swift in Sources */ = {isa = PBXBuildFile; fileRef = B10004 /* WeatherModels.swift */; };
		A10005 /* WeatherViewModel.swift in Sources */ = {isa = PBXBuildFile; fileRef = B10005 /* WeatherViewModel.swift */; };
		A10006 /* WeatherService.swift in Sources */ = {isa = PBXBuildFile; fileRef = B10006 /* WeatherService.swift */; };
		A10007 /* LocationService.swift in Sources */ = {isa = PBXBuildFile; fileRef = B10007 /* LocationService.swift */; };
		A10008 /* ColorExtensions.swift in Sources */ = {isa = PBXBuildFile; fileRef = B10008 /* ColorExtensions.swift */; };
		A10009 /* GlassCard.swift in Sources */ = {isa = PBXBuildFile; fileRef = B10009 /* GlassCard.swift */; };
		A10010 /* CurrentWeatherHeader.swift in Sources */ = {isa = PBXBuildFile; fileRef = B10010 /* CurrentWeatherHeader.swift */; };
		A10011 /* TodayPhasesView.swift in Sources */ = {isa = PBXBuildFile; fileRef = B10011 /* TodayPhasesView.swift */; };
		A10012 /* HourlyForecastView.swift in Sources */ = {isa = PBXBuildFile; fileRef = B10012 /* HourlyForecastView.swift */; };
		A10013 /* DailyForecastView.swift in Sources */ = {isa = PBXBuildFile; fileRef = B10013 /* DailyForecastView.swift */; };
		A10014 /* SettingsView.swift in Sources */ = {isa = PBXBuildFile; fileRef = B10015 /* SettingsView.swift */; };
		A10015 /* CitySearchService.swift in Sources */ = {isa = PBXBuildFile; fileRef = B10016 /* CitySearchService.swift */; };
		A10016 /* CitySearchSheet.swift in Sources */ = {isa = PBXBuildFile; fileRef = B10017 /* CitySearchSheet.swift */; };
		A10017 /* WeatherNowView.swift in Sources */ = {isa = PBXBuildFile; fileRef = B10018 /* WeatherNowView.swift */; };
		A10018 /* PlanYourDayView.swift in Sources */ = {isa = PBXBuildFile; fileRef = B10019 /* PlanYourDayView.swift */; };
		A10019 /* CalendarService.swift in Sources */ = {isa = PBXBuildFile; fileRef = B10020 /* CalendarService.swift */; };
		A10020 /* ActivityScorer.swift in Sources */ = {isa = PBXBuildFile; fileRef = B10021 /* ActivityScorer.swift */; };
		A10021 /* MorningBriefing.swift in Sources */ = {isa = PBXBuildFile; fileRef = B10022 /* MorningBriefing.swift */; };
		A10022 /* UnitSettings.swift in Sources */ = {isa = PBXBuildFile; fileRef = B10023 /* UnitSettings.swift */; };
		A10023 /* OnboardingView.swift in Sources */ = {isa = PBXBuildFile; fileRef = B10024 /* OnboardingView.swift */; };
		A10024 /* AirQualityView.swift in Sources */ = {isa = PBXBuildFile; fileRef = B10025 /* AirQualityView.swift */; };
		A10025 /* PressureView.swift in Sources */ = {isa = PBXBuildFile; fileRef = B10026 /* PressureView.swift */; };
		A10026 /* WindGaugeView.swift in Sources */ = {isa = PBXBuildFile; fileRef = B10027 /* WindGaugeView.swift */; };
		A10027 /* SunriseSunsetView.swift in Sources */ = {isa = PBXBuildFile; fileRef = B10028 /* SunriseSunsetView.swift */; };
		A10028 /* PrecipTimelineView.swift in Sources */ = {isa = PBXBuildFile; fileRef = B10029 /* PrecipTimelineView.swift */; };
		A10029 /* SunshinePlannerView.swift in Sources */ = {isa = PBXBuildFile; fileRef = B10030 /* SunshinePlannerView.swift */; };
		A10030 /* ComfortIndexView.swift in Sources */ = {isa = PBXBuildFile; fileRef = B10031 /* ComfortIndexView.swift */; };
		A10031 /* CloudCoverView.swift in Sources */ = {isa = PBXBuildFile; fileRef = B10032 /* CloudCoverView.swift */; };
		A10032 /* GardeningView.swift in Sources */ = {isa = PBXBuildFile; fileRef = B10033 /* GardeningView.swift */; };
		A10033 /* AlertsService.swift in Sources */ = {isa = PBXBuildFile; fileRef = B10034 /* AlertsService.swift */; };
		A10034 /* WeatherWarningsView.swift in Sources */ = {isa = PBXBuildFile; fileRef = B10035 /* WeatherWarningsView.swift */; };
		A10035 /* DayDetailSheet.swift in Sources */ = {isa = PBXBuildFile; fileRef = B10036 /* DayDetailSheet.swift */; };
		A10036 /* RadarService.swift in Sources */ = {isa = PBXBuildFile; fileRef = B10037 /* RadarService.swift */; };
		A10037 /* RadarMapView.swift in Sources */ = {isa = PBXBuildFile; fileRef = B10038 /* RadarMapView.swift */; };
		A10038 /* TileCache.swift in Sources */ = {isa = PBXBuildFile; fileRef = B10039 /* TileCache.swift */; };
		A10039 /* SavedLocation.swift in Sources */ = {isa = PBXBuildFile; fileRef = B10040 /* SavedLocation.swift */; };
		A10040 /* RadarPreviewCard.swift in Sources */ = {isa = PBXBuildFile; fileRef = B10041 /* RadarPreviewCard.swift */; };
		A10041 /* SearchTabView.swift in Sources */ = {isa = PBXBuildFile; fileRef = B10042 /* SearchTabView.swift */; };
		A10042 /* ClothingAdvisor.swift in Sources */ = {isa = PBXBuildFile; fileRef = B10043 /* ClothingAdvisor.swift */; };
		E5C01C984F7DDCCC5AC86E93 /* DeepLinkHandler.swift in Sources */ = {isa = PBXBuildFile; fileRef = 7513284785079A61322E6A4C /* DeepLinkHandler.swift */; };
		EEBADF690D690F7F306EEAC9 /* Foundation.framework in Frameworks */ = {isa = PBXBuildFile; fileRef = 643A34BCDD9C0516DC85340B /* Foundation.framework */; };
		F8ECD2F504E3AA30DB3BF082 /* WeatherWidgetHelpers.swift in Sources */ = {isa = PBXBuildFile; fileRef = 753F2F5B472BFF13B691BDB3 /* WeatherWidgetHelpers.swift */; };
		FB498C908FC475BFF870E4D3 /* BestTimeForWidget.swift in Sources */ = {isa = PBXBuildFile; fileRef = 6EA5B4537AEC4E0EAA723AF3 /* BestTimeForWidget.swift */; };
/* End PBXBuildFile section */

/* Begin PBXContainerItemProxy section */
		449DCFECE389D44357B1437F /* PBXContainerItemProxy */ = {
			isa = PBXContainerItemProxy;
			containerPortal = H10001 /* Project object */;
			proxyType = 1;
			remoteGlobalIDString = 35D1E5AD6FBA2DADC0979843;
			remoteInfo = RainActivityWidgetExtension;
		};
/* End PBXContainerItemProxy section */

/* Begin PBXCopyFilesBuildPhase section */
		000F5892A59FBF9719AED3E8 /* Embed Foundation Extensions */ = {
			isa = PBXCopyFilesBuildPhase;
			buildActionMask = 2147483647;
			dstPath = "";
			dstSubfolderSpec = 13;
			files = (
				37DCA379BF28185CAE3566F4 /* RainActivityWidgetExtension.appex in Embed Foundation Extensions */,
			);
			name = "Embed Foundation Extensions";
			runOnlyForDeploymentPostprocessing = 0;
		};
/* End PBXCopyFilesBuildPhase section */

/* Begin PBXFileReference section */
		009F65D49B2A05973C977B0B /* DailyForecastWidget.swift */ = {isa = PBXFileReference; includeInIndex = 1; lastKnownFileType = sourcecode.swift; path = DailyForecastWidget.swift; sourceTree = "<group>"; };
		03AC35D14154F1D67FC35840 /* HourlyForecastWidget.swift */ = {isa = PBXFileReference; includeInIndex = 1; lastKnownFileType = sourcecode.swift; path = HourlyForecastWidget.swift; sourceTree = "<group>"; };
		15033E692F88FACA008C1656 /* PollenDetailSheet.swift */ = {isa = PBXFileReference; lastKnownFileType = sourcecode.swift; path = PollenDetailSheet.swift; sourceTree = "<group>"; };
		15213F742F8706B400C678FF /* RainActivityWidgetExtension.entitlements */ = {isa = PBXFileReference; lastKnownFileType = text.plist.entitlements; path = RainActivityWidgetExtension.entitlements; sourceTree = "<group>"; };
		1567122B2F825C9000D9F201 /* WeatherHorizon.metal */ = {isa = PBXFileReference; lastKnownFileType = sourcecode.metal; path = WeatherHorizon.metal; sourceTree = "<group>"; };
		157C28632F825020004A6F3B /* RainActivityAttributes.swift */ = {isa = PBXFileReference; lastKnownFileType = sourcecode.swift; path = RainActivityAttributes.swift; sourceTree = "<group>"; };
		157C28642F825020004A6F3B /* SharedWeatherData.swift */ = {isa = PBXFileReference; lastKnownFileType = sourcecode.swift; path = SharedWeatherData.swift; sourceTree = "<group>"; };
		157C28672F825048004A6F3B /* RainActivityService.swift */ = {isa = PBXFileReference; lastKnownFileType = sourcecode.swift; path = RainActivityService.swift; sourceTree = "<group>"; };
		157C286B2F825072004A6F3B /* HorizonHeaderView.swift */ = {isa = PBXFileReference; lastKnownFileType = sourcecode.swift; path = HorizonHeaderView.swift; sourceTree = "<group>"; };
		15A1510C2F824895001C40EC /* WeatherApp.entitlements */ = {isa = PBXFileReference; lastKnownFileType = text.plist.entitlements; path = WeatherApp.entitlements; sourceTree = "<group>"; };
		4BE3677C9D98AAD45D14DFDB /* MoonPhaseView.swift */ = {isa = PBXFileReference; includeInIndex = 1; lastKnownFileType = sourcecode.swift; path = MoonPhaseView.swift; sourceTree = "<group>"; };
		643A34BCDD9C0516DC85340B /* Foundation.framework */ = {isa = PBXFileReference; lastKnownFileType = wrapper.framework; name = Foundation.framework; path = Platforms/iPhoneOS.platform/Developer/SDKs/iPhoneOS18.0.sdk/System/Library/Frameworks/Foundation.framework; sourceTree = DEVELOPER_DIR; };
		6EA5B4537AEC4E0EAA723AF3 /* BestTimeForWidget.swift */ = {isa = PBXFileReference; includeInIndex = 1; lastKnownFileType = sourcecode.swift; path = BestTimeForWidget.swift; sourceTree = "<group>"; };
		7513284785079A61322E6A4C /* DeepLinkHandler.swift */ = {isa = PBXFileReference; includeInIndex = 1; lastKnownFileType = sourcecode.swift; path = DeepLinkHandler.swift; sourceTree = "<group>"; };
		753F2F5B472BFF13B691BDB3 /* WeatherWidgetHelpers.swift */ = {isa = PBXFileReference; includeInIndex = 1; lastKnownFileType = sourcecode.swift; path = WeatherWidgetHelpers.swift; sourceTree = "<group>"; };
		7A50A1CC762A4D70A551D3BF /* RainActivityWidgetExtension.appex */ = {isa = PBXFileReference; explicitFileType = "wrapper.app-extension"; includeInIndex = 0; path = RainActivityWidgetExtension.appex; sourceTree = BUILT_PRODUCTS_DIR; };
		858370CA3E846383A3D917FE /* GoogleCalendarService.swift */ = {isa = PBXFileReference; includeInIndex = 1; lastKnownFileType = sourcecode.swift; path = GoogleCalendarService.swift; sourceTree = "<group>"; };
		8F215DB19775DCE54AE7E21D /* RainActivityLiveActivity.swift */ = {isa = PBXFileReference; includeInIndex = 1; lastKnownFileType = sourcecode.swift; path = RainActivityLiveActivity.swift; sourceTree = "<group>"; };
		B10001 /* WeatherAppApp.swift */ = {isa = PBXFileReference; lastKnownFileType = sourcecode.swift; path = WeatherAppApp.swift; sourceTree = "<group>"; };
		B10002 /* ContentView.swift */ = {isa = PBXFileReference; lastKnownFileType = sourcecode.swift; path = ContentView.swift; sourceTree = "<group>"; };
		B10003 /* Assets.xcassets */ = {isa = PBXFileReference; lastKnownFileType = folder.assetcatalog; path = Assets.xcassets; sourceTree = "<group>"; };
		B10004 /* WeatherModels.swift */ = {isa = PBXFileReference; lastKnownFileType = sourcecode.swift; path = WeatherModels.swift; sourceTree = "<group>"; };
		B10005 /* WeatherViewModel.swift */ = {isa = PBXFileReference; lastKnownFileType = sourcecode.swift; path = WeatherViewModel.swift; sourceTree = "<group>"; };
		B10006 /* WeatherService.swift */ = {isa = PBXFileReference; lastKnownFileType = sourcecode.swift; path = WeatherService.swift; sourceTree = "<group>"; };
		B10007 /* LocationService.swift */ = {isa = PBXFileReference; lastKnownFileType = sourcecode.swift; path = LocationService.swift; sourceTree = "<group>"; };
		B10008 /* ColorExtensions.swift */ = {isa = PBXFileReference; lastKnownFileType = sourcecode.swift; path = ColorExtensions.swift; sourceTree = "<group>"; };
		B10009 /* GlassCard.swift */ = {isa = PBXFileReference; lastKnownFileType = sourcecode.swift; path = GlassCard.swift; sourceTree = "<group>"; };
		B10010 /* CurrentWeatherHeader.swift */ = {isa = PBXFileReference; lastKnownFileType = sourcecode.swift; path = CurrentWeatherHeader.swift; sourceTree = "<group>"; };
		B10011 /* TodayPhasesView.swift */ = {isa = PBXFileReference; lastKnownFileType = sourcecode.swift; path = TodayPhasesView.swift; sourceTree = "<group>"; };
		B10012 /* HourlyForecastView.swift */ = {isa = PBXFileReference; lastKnownFileType = sourcecode.swift; path = HourlyForecastView.swift; sourceTree = "<group>"; };
		B10013 /* DailyForecastView.swift */ = {isa = PBXFileReference; lastKnownFileType = sourcecode.swift; path = DailyForecastView.swift; sourceTree = "<group>"; };
		B10014 /* Info.plist */ = {isa = PBXFileReference; lastKnownFileType = text.plist.xml; path = Info.plist; sourceTree = "<group>"; };
		B10015 /* SettingsView.swift */ = {isa = PBXFileReference; lastKnownFileType = sourcecode.swift; path = SettingsView.swift; sourceTree = "<group>"; };
		B10016 /* CitySearchService.swift */ = {isa = PBXFileReference; lastKnownFileType = sourcecode.swift; path = CitySearchService.swift; sourceTree = "<group>"; };
		B10017 /* CitySearchSheet.swift */ = {isa = PBXFileReference; lastKnownFileType = sourcecode.swift; path = CitySearchSheet.swift; sourceTree = "<group>"; };
		B10018 /* WeatherNowView.swift */ = {isa = PBXFileReference; lastKnownFileType = sourcecode.swift; path = WeatherNowView.swift; sourceTree = "<group>"; };
		B10019 /* PlanYourDayView.swift */ = {isa = PBXFileReference; lastKnownFileType = sourcecode.swift; path = PlanYourDayView.swift; sourceTree = "<group>"; };
		B10020 /* CalendarService.swift */ = {isa = PBXFileReference; lastKnownFileType = sourcecode.swift; path = CalendarService.swift; sourceTree = "<group>"; };
		B10021 /* ActivityScorer.swift */ = {isa = PBXFileReference; lastKnownFileType = sourcecode.swift; path = ActivityScorer.swift; sourceTree = "<group>"; };
		B10022 /* MorningBriefing.swift */ = {isa = PBXFileReference; lastKnownFileType = sourcecode.swift; path = MorningBriefing.swift; sourceTree = "<group>"; };
		B10023 /* UnitSettings.swift */ = {isa = PBXFileReference; lastKnownFileType = sourcecode.swift; path = UnitSettings.swift; sourceTree = "<group>"; };
		B10024 /* OnboardingView.swift */ = {isa = PBXFileReference; lastKnownFileType = sourcecode.swift; path = OnboardingView.swift; sourceTree = "<group>"; };
		B10025 /* AirQualityView.swift */ = {isa = PBXFileReference; lastKnownFileType = sourcecode.swift; path = AirQualityView.swift; sourceTree = "<group>"; };
		B10026 /* PressureView.swift */ = {isa = PBXFileReference; lastKnownFileType = sourcecode.swift; path = PressureView.swift; sourceTree = "<group>"; };
		B10027 /* WindGaugeView.swift */ = {isa = PBXFileReference; lastKnownFileType = sourcecode.swift; path = WindGaugeView.swift; sourceTree = "<group>"; };
		B10028 /* SunriseSunsetView.swift */ = {isa = PBXFileReference; lastKnownFileType = sourcecode.swift; path = SunriseSunsetView.swift; sourceTree = "<group>"; };
		B10029 /* PrecipTimelineView.swift */ = {isa = PBXFileReference; lastKnownFileType = sourcecode.swift; path = PrecipTimelineView.swift; sourceTree = "<group>"; };
		B10030 /* SunshinePlannerView.swift */ = {isa = PBXFileReference; lastKnownFileType = sourcecode.swift; path = SunshinePlannerView.swift; sourceTree = "<group>"; };
		B10031 /* ComfortIndexView.swift */ = {isa = PBXFileReference; lastKnownFileType = sourcecode.swift; path = ComfortIndexView.swift; sourceTree = "<group>"; };
		B10032 /* CloudCoverView.swift */ = {isa = PBXFileReference; lastKnownFileType = sourcecode.swift; path = CloudCoverView.swift; sourceTree = "<group>"; };
		B10033 /* GardeningView.swift */ = {isa = PBXFileReference; lastKnownFileType = sourcecode.swift; path = GardeningView.swift; sourceTree = "<group>"; };
		B10034 /* AlertsService.swift */ = {isa = PBXFileReference; lastKnownFileType = sourcecode.swift; path = AlertsService.swift; sourceTree = "<group>"; };
		B10035 /* WeatherWarningsView.swift */ = {isa = PBXFileReference; lastKnownFileType = sourcecode.swift; path = WeatherWarningsView.swift; sourceTree = "<group>"; };
		B10036 /* DayDetailSheet.swift */ = {isa = PBXFileReference; lastKnownFileType = sourcecode.swift; path = DayDetailSheet.swift; sourceTree = "<group>"; };
		B10037 /* RadarService.swift */ = {isa = PBXFileReference; lastKnownFileType = sourcecode.swift; path = RadarService.swift; sourceTree = "<group>"; };
		B10038 /* RadarMapView.swift */ = {isa = PBXFileReference; lastKnownFileType = sourcecode.swift; path = RadarMapView.swift; sourceTree = "<group>"; };
		B10039 /* TileCache.swift */ = {isa = PBXFileReference; lastKnownFileType = sourcecode.swift; path = TileCache.swift; sourceTree = "<group>"; };
		B10040 /* SavedLocation.swift */ = {isa = PBXFileReference; lastKnownFileType = sourcecode.swift; path = SavedLocation.swift; sourceTree = "<group>"; };
		B10041 /* RadarPreviewCard.swift */ = {isa = PBXFileReference; lastKnownFileType = sourcecode.swift; path = RadarPreviewCard.swift; sourceTree = "<group>"; };
		B10042 /* SearchTabView.swift */ = {isa = PBXFileReference; lastKnownFileType = sourcecode.swift; path = SearchTabView.swift; sourceTree = "<group>"; };
		B10043 /* ClothingAdvisor.swift */ = {isa = PBXFileReference; lastKnownFileType = sourcecode.swift; path = ClothingAdvisor.swift; sourceTree = "<group>"; };
		BC7C6A625DBE4985A5ED7003 /* RainActivityWidgetExtension.appex */ = {isa = PBXFileReference; explicitFileType = "wrapper.app-extension"; includeInIndex = 0; path = RainActivityWidgetExtension.appex; sourceTree = BUILT_PRODUCTS_DIR; };
		C10001 /* WeatherApp.app */ = {isa = PBXFileReference; explicitFileType = wrapper.application; includeInIndex = 0; path = WeatherApp.app; sourceTree = BUILT_PRODUCTS_DIR; };
		C12A7BB2B9ED0090534ECCA1 /* RainTimelineWidget.swift */ = {isa = PBXFileReference; includeInIndex = 1; lastKnownFileType = sourcecode.swift; path = RainTimelineWidget.swift; sourceTree = "<group>"; };
		D2C9661FE9304100665D140C /* CurrentConditionsWidget.swift */ = {isa = PBXFileReference; includeInIndex = 1; lastKnownFileType = sourcecode.swift; path = CurrentConditionsWidget.swift; sourceTree = "<group>"; };
		DEEEA7D84419FB22AC7BC3FA /* MoreDetailSheets.swift */ = {isa = PBXFileReference; includeInIndex = 1; lastKnownFileType = sourcecode.swift; path = MoreDetailSheets.swift; sourceTree = "<group>"; };
		EB7249F30E05F0423B274849 /* WeatherDetailSheets.swift */ = {isa = PBXFileReference; includeInIndex = 1; lastKnownFileType = sourcecode.swift; path = WeatherDetailSheets.swift; sourceTree = "<group>"; };
		FEE8C93AB470C5854F673813 /* RainActivityBundle.swift */ = {isa = PBXFileReference; includeInIndex = 1; lastKnownFileType = sourcecode.swift; path = RainActivityBundle.swift; sourceTree = "<group>"; };
/* End PBXFileReference section */

/* Begin PBXFrameworksBuildPhase section */
		CA07AE4E9E9674516F86B3D8 /* Frameworks */ = {
			isa = PBXFrameworksBuildPhase;
			buildActionMask = 2147483647;
			files = (
				EEBADF690D690F7F306EEAC9 /* Foundation.framework in Frameworks */,
			);
			runOnlyForDeploymentPostprocessing = 0;
		};
		D10001 /* Frameworks */ = {
			isa = PBXFrameworksBuildPhase;
			buildActionMask = 2147483647;
			files = (
			);
			runOnlyForDeploymentPostprocessing = 0;
		};
/* End PBXFrameworksBuildPhase section */

/* Begin PBXGroup section */
		1567122C2F825C9000D9F201 /* Shaders */ = {
			isa = PBXGroup;
			children = (
				1567122B2F825C9000D9F201 /* WeatherHorizon.metal */,
			);
			path = Shaders;
			sourceTree = "<group>";
		};
		32E028AE9AE43CD448426061 /* RainActivityWidget */ = {
			isa = PBXGroup;
			children = (
				FEE8C93AB470C5854F673813 /* RainActivityBundle.swift */,
				8F215DB19775DCE54AE7E21D /* RainActivityLiveActivity.swift */,
				D2C9661FE9304100665D140C /* CurrentConditionsWidget.swift */,
				03AC35D14154F1D67FC35840 /* HourlyForecastWidget.swift */,
				C12A7BB2B9ED0090534ECCA1 /* RainTimelineWidget.swift */,
				009F65D49B2A05973C977B0B /* DailyForecastWidget.swift */,
				6EA5B4537AEC4E0EAA723AF3 /* BestTimeForWidget.swift */,
				753F2F5B472BFF13B691BDB3 /* WeatherWidgetHelpers.swift */,
			);
			path = RainActivityWidget;
			sourceTree = SOURCE_ROOT;
		};
		956EC1F1D173EAE2CC9BC86E /* Frameworks */ = {
			isa = PBXGroup;
			children = (
				FDAA4BEBD82733E37BE91132 /* iOS */,
			);
			name = Frameworks;
			sourceTree = "<group>";
		};
		E10001 = {
			isa = PBXGroup;
			children = (
				15213F742F8706B400C678FF /* RainActivityWidgetExtension.entitlements */,
				E10002 /* WeatherApp */,
				E10009 /* Products */,
				956EC1F1D173EAE2CC9BC86E /* Frameworks */,
				32E028AE9AE43CD448426061 /* RainActivityWidget */,
			);
			sourceTree = "<group>";
		};
		E10002 /* WeatherApp */ = {
			isa = PBXGroup;
			children = (
				1567122C2F825C9000D9F201 /* Shaders */,
				15A1510C2F824895001C40EC /* WeatherApp.entitlements */,
				B10001 /* WeatherAppApp.swift */,
				B10002 /* ContentView.swift */,
				B10014 /* Info.plist */,
				B10003 /* Assets.xcassets */,
				E10003 /* Models */,
				E10004 /* ViewModels */,
				E10005 /* Views */,
				E10007 /* Services */,
				E10008 /* Utilities */,
			);
			path = WeatherApp;
			sourceTree = "<group>";
		};
		E10003 /* Models */ = {
			isa = PBXGroup;
			children = (
				157C28632F825020004A6F3B /* RainActivityAttributes.swift */,
				157C28642F825020004A6F3B /* SharedWeatherData.swift */,
				B10004 /* WeatherModels.swift */,
				B10022 /* MorningBriefing.swift */,
				B10023 /* UnitSettings.swift */,
				B10040 /* SavedLocation.swift */,
			);
			path = Models;
			sourceTree = "<group>";
		};
		E10004 /* ViewModels */ = {
			isa = PBXGroup;
			children = (
				B10005 /* WeatherViewModel.swift */,
			);
			path = ViewModels;
			sourceTree = "<group>";
		};
		E10005 /* Views */ = {
			isa = PBXGroup;
			children = (
				B10018 /* WeatherNowView.swift */,
				B10024 /* OnboardingView.swift */,
				E10006 /* Components */,
				E10010 /* Sections */,
			);
			path = Views;
			sourceTree = "<group>";
		};
		E10006 /* Components */ = {
			isa = PBXGroup;
			children = (
				B10009 /* GlassCard.swift */,
				B10017 /* CitySearchSheet.swift */,
				B10036 /* DayDetailSheet.swift */,
			);
			path = Components;
			sourceTree = "<group>";
		};
		E10007 /* Services */ = {
			isa = PBXGroup;
			children = (
				157C28672F825048004A6F3B /* RainActivityService.swift */,
				B10006 /* WeatherService.swift */,
				B10007 /* LocationService.swift */,
				B10016 /* CitySearchService.swift */,
				B10020 /* CalendarService.swift */,
				B10021 /* ActivityScorer.swift */,
				B10034 /* AlertsService.swift */,
				B10037 /* RadarService.swift */,
				B10039 /* TileCache.swift */,
				B10043 /* ClothingAdvisor.swift */,
				858370CA3E846383A3D917FE /* GoogleCalendarService.swift */,
			);
			path = Services;
			sourceTree = "<group>";
		};
		E10008 /* Utilities */ = {
			isa = PBXGroup;
			children = (
				B10008 /* ColorExtensions.swift */,
				7513284785079A61322E6A4C /* DeepLinkHandler.swift */,
			);
			path = Utilities;
			sourceTree = "<group>";
		};
		E10009 /* Products */ = {
			isa = PBXGroup;
			children = (
				C10001 /* WeatherApp.app */,
				7A50A1CC762A4D70A551D3BF /* RainActivityWidgetExtension.appex */,
				BC7C6A625DBE4985A5ED7003 /* RainActivityWidgetExtension.appex */,
			);
			name = Products;
			sourceTree = "<group>";
		};
		E10010 /* Sections */ = {
			isa = PBXGroup;
			children = (
				15033E692F88FACA008C1656 /* PollenDetailSheet.swift */,
				B10010 /* CurrentWeatherHeader.swift */,
				B10011 /* TodayPhasesView.swift */,
				B10012 /* HourlyForecastView.swift */,
				B10013 /* DailyForecastView.swift */,
				B10019 /* PlanYourDayView.swift */,
				B10015 /* SettingsView.swift */,
				B10025 /* AirQualityView.swift */,
				B10026 /* PressureView.swift */,
				B10027 /* WindGaugeView.swift */,
				B10028 /* SunriseSunsetView.swift */,
				B10029 /* PrecipTimelineView.swift */,
				B10030 /* SunshinePlannerView.swift */,
				B10031 /* ComfortIndexView.swift */,
				B10032 /* CloudCoverView.swift */,
				B10033 /* GardeningView.swift */,
				B10035 /* WeatherWarningsView.swift */,
				B10038 /* RadarMapView.swift */,
				B10041 /* RadarPreviewCard.swift */,
				B10042 /* SearchTabView.swift */,
				157C286B2F825072004A6F3B /* HorizonHeaderView.swift */,
				EB7249F30E05F0423B274849 /* WeatherDetailSheets.swift */,
				DEEEA7D84419FB22AC7BC3FA /* MoreDetailSheets.swift */,
				4BE3677C9D98AAD45D14DFDB /* MoonPhaseView.swift */,
			);
			path = Sections;
			sourceTree = "<group>";
		};
		FDAA4BEBD82733E37BE91132 /* iOS */ = {
			isa = PBXGroup;
			children = (
				643A34BCDD9C0516DC85340B /* Foundation.framework */,
			);
			name = iOS;
			sourceTree = "<group>";
		};
/* End PBXGroup section */

/* Begin PBXNativeTarget section */
		35D1E5AD6FBA2DADC0979843 /* RainActivityWidgetExtension */ = {
			isa = PBXNativeTarget;
			buildConfigurationList = DCFD1069C324B0A867ACF2F6 /* Build configuration list for PBXNativeTarget "RainActivityWidgetExtension" */;
			buildPhases = (
				55F0FE1F6D9A719B46A686AE /* Sources */,
				CA07AE4E9E9674516F86B3D8 /* Frameworks */,
				E522C127BEF4955A04379FE5 /* Resources */,
			);
			buildRules = (
			);
			dependencies = (
			);
			name = RainActivityWidgetExtension;
			productName = RainActivityWidgetExtension;
			productReference = BC7C6A625DBE4985A5ED7003 /* RainActivityWidgetExtension.appex */;
			productType = "com.apple.product-type.app-extension";
		};
		F10001 /* WeatherApp */ = {
			isa = PBXNativeTarget;
			buildConfigurationList = G10003 /* Build configuration list for PBXNativeTarget "WeatherApp" */;
			buildPhases = (
				F10002 /* Sources */,
				D10001 /* Frameworks */,
				F10003 /* Resources */,
				000F5892A59FBF9719AED3E8 /* Embed Foundation Extensions */,
			);
			buildRules = (
			);
			dependencies = (
				3F427A99185B4F3AEA5B7090 /* PBXTargetDependency */,
			);
			name = WeatherApp;
			productName = WeatherApp;
			productReference = C10001 /* WeatherApp.app */;
			productType = "com.apple.product-type.application";
		};
/* End PBXNativeTarget section */

/* Begin PBXProject section */
		H10001 /* Project object */ = {
			isa = PBXProject;
			attributes = {
				BuildIndependentTargetsInParallel = 1;
				LastSwiftUpdateCheck = 1500;
				LastUpgradeCheck = 1500;
				TargetAttributes = {
					F10001 = {
						CreatedOnToolsVersion = 15.0;
					};
				};
			};
			buildConfigurationList = G10001 /* Build configuration list for PBXProject "WeatherApp" */;
			compatibilityVersion = "Xcode 14.0";
			developmentRegion = en;
			hasScannedForEncodings = 0;
			knownRegions = (
				en,
				Base,
			);
			mainGroup = E10001;
			productRefGroup = E10009 /* Products */;
			projectDirPath = "";
			projectRoot = "";
			targets = (
				F10001 /* WeatherApp */,
				35D1E5AD6FBA2DADC0979843 /* RainActivityWidgetExtension */,
			);
		};
/* End PBXProject section */

/* Begin PBXResourcesBuildPhase section */
		E522C127BEF4955A04379FE5 /* Resources */ = {
			isa = PBXResourcesBuildPhase;
			buildActionMask = 2147483647;
			files = (
			);
			runOnlyForDeploymentPostprocessing = 0;
		};
		F10003 /* Resources */ = {
			isa = PBXResourcesBuildPhase;
			buildActionMask = 2147483647;
			files = (
				A10003 /* Assets.xcassets in Resources */,
			);
			runOnlyForDeploymentPostprocessing = 0;
		};
/* End PBXResourcesBuildPhase section */

/* Begin PBXSourcesBuildPhase section */
		55F0FE1F6D9A719B46A686AE /* Sources */ = {
			isa = PBXSourcesBuildPhase;
			buildActionMask = 2147483647;
			files = (
				27E028D3140BE0647F55C713 /* RainActivityBundle.swift in Sources */,
				3AECDD5B15027E925D375F3D /* RainActivityLiveActivity.swift in Sources */,
				624FA0D65101DADE4698D290 /* CurrentConditionsWidget.swift in Sources */,
				5CDB6A5046B6E908F2963211 /* HourlyForecastWidget.swift in Sources */,
				7B019AF3610ACFA7965094A4 /* RainTimelineWidget.swift in Sources */,
				620D9749D32AAF8232AAA911 /* DailyForecastWidget.swift in Sources */,
				FB498C908FC475BFF870E4D3 /* BestTimeForWidget.swift in Sources */,
				F8ECD2F504E3AA30DB3BF082 /* WeatherWidgetHelpers.swift in Sources */,
				4C94A2F268756BA9EBE4DB73 /* RainActivityAttributes.swift in Sources */,
				8D344AF43330A0BC0FE0158D /* SharedWeatherData.swift in Sources */,
			);
			runOnlyForDeploymentPostprocessing = 0;
		};
		F10002 /* Sources */ = {
			isa = PBXSourcesBuildPhase;
			buildActionMask = 2147483647;
			files = (
				A10001 /* WeatherAppApp.swift in Sources */,
				A10002 /* ContentView.swift in Sources */,
				A10004 /* WeatherModels.swift in Sources */,
				A10005 /* WeatherViewModel.swift in Sources */,
				A10006 /* WeatherService.swift in Sources */,
				A10007 /* LocationService.swift in Sources */,
				A10008 /* ColorExtensions.swift in Sources */,
				A10009 /* GlassCard.swift in Sources */,
				A10010 /* CurrentWeatherHeader.swift in Sources */,
				A10011 /* TodayPhasesView.swift in Sources */,
				A10012 /* HourlyForecastView.swift in Sources */,
				A10013 /* DailyForecastView.swift in Sources */,
				15033E6A2F88FACA008C1656 /* PollenDetailSheet.swift in Sources */,
				1567122D2F825C9000D9F201 /* WeatherHorizon.metal in Sources */,
				A10014 /* SettingsView.swift in Sources */,
				A10015 /* CitySearchService.swift in Sources */,
				A10016 /* CitySearchSheet.swift in Sources */,
				A10017 /* WeatherNowView.swift in Sources */,
				A10018 /* PlanYourDayView.swift in Sources */,
				A10019 /* CalendarService.swift in Sources */,
				157C286C2F825072004A6F3B /* HorizonHeaderView.swift in Sources */,
				A10020 /* ActivityScorer.swift in Sources */,
				A10021 /* MorningBriefing.swift in Sources */,
				A10022 /* UnitSettings.swift in Sources */,
				A10023 /* OnboardingView.swift in Sources */,
				A10024 /* AirQualityView.swift in Sources */,
				A10025 /* PressureView.swift in Sources */,
				A10026 /* WindGaugeView.swift in Sources */,
				A10027 /* SunriseSunsetView.swift in Sources */,
				157C28652F825020004A6F3B /* SharedWeatherData.swift in Sources */,
				157C28662F825020004A6F3B /* RainActivityAttributes.swift in Sources */,
				A10028 /* PrecipTimelineView.swift in Sources */,
				A10029 /* SunshinePlannerView.swift in Sources */,
				A10030 /* ComfortIndexView.swift in Sources */,
				A10031 /* CloudCoverView.swift in Sources */,
				A10032 /* GardeningView.swift in Sources */,
				A10033 /* AlertsService.swift in Sources */,
				A10034 /* WeatherWarningsView.swift in Sources */,
				A10035 /* DayDetailSheet.swift in Sources */,
				157C28682F825048004A6F3B /* RainActivityService.swift in Sources */,
				A10036 /* RadarService.swift in Sources */,
				A10037 /* RadarMapView.swift in Sources */,
				A10038 /* TileCache.swift in Sources */,
				A10039 /* SavedLocation.swift in Sources */,
				A10040 /* RadarPreviewCard.swift in Sources */,
				A10041 /* SearchTabView.swift in Sources */,
				A10042 /* ClothingAdvisor.swift in Sources */,
				1970F737311F169626DC5A55 /* WeatherDetailSheets.swift in Sources */,
				7461808CC6BA58546A213F1C /* GoogleCalendarService.swift in Sources */,
				E5C01C984F7DDCCC5AC86E93 /* DeepLinkHandler.swift in Sources */,
				743EDF387CEA3347EDEA737E /* MoreDetailSheets.swift in Sources */,
				5A22089514508B04356DF77E /* MoonPhaseView.swift in Sources */,
			);
			runOnlyForDeploymentPostprocessing = 0;
		};
/* End PBXSourcesBuildPhase section */

/* Begin PBXTargetDependency section */
		3F427A99185B4F3AEA5B7090 /* PBXTargetDependency */ = {
			isa = PBXTargetDependency;
			name = RainActivityWidgetExtension;
			target = 35D1E5AD6FBA2DADC0979843 /* RainActivityWidgetExtension */;
			targetProxy = 449DCFECE389D44357B1437F /* PBXContainerItemProxy */;
		};
/* End PBXTargetDependency section */

/* Begin XCBuildConfiguration section */
		0B7D01E1B377E14EEEC49FB4 /* Release */ = {
			isa = XCBuildConfiguration;
			buildSettings = {
				CLANG_ENABLE_OBJC_WEAK = NO;
				CODE_SIGN_ENTITLEMENTS = RainActivityWidgetExtension.entitlements;
				CODE_SIGN_STYLE = Automatic;
				CURRENT_PROJECT_VERSION = 1;
				DEVELOPMENT_TEAM = MBVPABF8MH;
				GENERATE_INFOPLIST_FILE = YES;
				INFOPLIST_FILE = RainActivityWidget/Info.plist;
				INFOPLIST_KEY_CFBundleDisplayName = "Rain Activity";
				INFOPLIST_KEY_NSHumanReadableCopyright = "";
				IPHONEOS_DEPLOYMENT_TARGET = 17.0;
				LD_RUNPATH_SEARCH_PATHS = (
					"$(inherited)",
					"@executable_path/Frameworks",
					"@executable_path/../../Frameworks",
				);
				MARKETING_VERSION = 1.0;
				ODE_SIGN_ALLOW_ENTITLEMENTS_MODIFICATION = YES;
				PRODUCT_BUNDLE_IDENTIFIER = com.weatherapp.WeatherBetter.RainActivityWidget;
				PRODUCT_MODULE_NAME = "$(TARGET_NAME)";
				PRODUCT_NAME = "$(TARGET_NAME)";
				SDKROOT = iphoneos;
				SKIP_INSTALL = YES;
				SWIFT_VERSION = 5.0;
				TARGETED_DEVICE_FAMILY = "1,2";
				VALIDATE_PRODUCT = YES;
			};
			name = Release;
		};
		1697C972575C1E2FEF68A468 /* Debug */ = {
			isa = XCBuildConfiguration;
			buildSettings = {
				CLANG_ENABLE_OBJC_WEAK = NO;
				CODE_SIGN_ENTITLEMENTS = RainActivityWidgetExtension.entitlements;
				CODE_SIGN_STYLE = Automatic;
				CURRENT_PROJECT_VERSION = 1;
				DEVELOPMENT_TEAM = MBVPABF8MH;
				GENERATE_INFOPLIST_FILE = YES;
				INFOPLIST_FILE = RainActivityWidget/Info.plist;
				INFOPLIST_KEY_CFBundleDisplayName = "Rain Activity";
				INFOPLIST_KEY_NSHumanReadableCopyright = "";
				IPHONEOS_DEPLOYMENT_TARGET = 17.0;
				LD_RUNPATH_SEARCH_PATHS = (
					"$(inherited)",
					"@executable_path/Frameworks",
					"@executable_path/../../Frameworks",
				);
				MARKETING_VERSION = 1.0;
				ODE_SIGN_ALLOW_ENTITLEMENTS_MODIFICATION = YES;
				PRODUCT_BUNDLE_IDENTIFIER = com.weatherapp.WeatherBetter.RainActivityWidget;
				PRODUCT_MODULE_NAME = "$(TARGET_NAME)";
				PRODUCT_NAME = "$(TARGET_NAME)";
				SDKROOT = iphoneos;
				SKIP_INSTALL = YES;
				SWIFT_VERSION = 5.0;
				TARGETED_DEVICE_FAMILY = "1,2";
			};
			name = Debug;
		};
		G10004 /* Debug */ = {
			isa = XCBuildConfiguration;
			buildSettings = {
				ALWAYS_SEARCH_USER_PATHS = NO;
				ASSETCATALOG_COMPILER_GENERATE_SWIFT_ASSET_SYMBOL_EXTENSIONS = YES;
				CLANG_ANALYZER_NONNULL = YES;
				CLANG_ANALYZER_NUMBER_OBJECT_CONVERSION = YES_AGGRESSIVE;
				CLANG_CXX_LANGUAGE_STANDARD = "gnu++20";
				CLANG_ENABLE_MODULES = YES;
				CLANG_ENABLE_OBJC_ARC = YES;
				CLANG_ENABLE_OBJC_WEAK = YES;
				CLANG_WARN_BLOCK_CAPTURE_AUTORELEASING = YES;
				CLANG_WARN_BOOL_CONVERSION = YES;
				CLANG_WARN_COMMA = YES;
				CLANG_WARN_CONSTANT_CONVERSION = YES;
				CLANG_WARN_DEPRECATED_OBJC_IMPLEMENTATIONS = YES;
				CLANG_WARN_DIRECT_OBJC_ISA_USAGE = YES_ERROR;
				CLANG_WARN_DOCUMENTATION_COMMENTS = YES;
				CLANG_WARN_EMPTY_BODY = YES;
				CLANG_WARN_ENUM_CONVERSION = YES;
				CLANG_WARN_INFINITE_RECURSION = YES;
				CLANG_WARN_INT_CONVERSION = YES;
				CLANG_WARN_NON_LITERAL_NULL_CONVERSION = YES;
				CLANG_WARN_OBJC_IMPLICIT_RETAIN_SELF = YES;
				CLANG_WARN_OBJC_LITERAL_CONVERSION = YES;
				CLANG_WARN_OBJC_ROOT_CLASS = YES_ERROR;
				CLANG_WARN_QUOTED_INCLUDE_IN_FRAMEWORK_HEADER = YES;
				CLANG_WARN_RANGE_LOOP_ANALYSIS = YES;
				CLANG_WARN_STRICT_PROTOTYPES = YES;
				CLANG_WARN_SUSPICIOUS_MOVE = YES;
				CLANG_WARN_UNGUARDED_AVAILABILITY = YES_AGGRESSIVE;
				CLANG_WARN_UNREACHABLE_CODE = YES;
				CLANG_WARN__DUPLICATE_METHOD_MATCH = YES;
				COPY_PHASE_STRIP = NO;
				DEBUG_INFORMATION_FORMAT = dwarf;
				ENABLE_STRICT_OBJC_MSGSEND = YES;
				ENABLE_TESTABILITY = YES;
				ENABLE_USER_SCRIPT_SANDBOXING = YES;
				GCC_C_LANGUAGE_STANDARD = gnu17;
				GCC_DYNAMIC_NO_PIC = NO;
				GCC_NO_COMMON_BLOCKS = YES;
				GCC_OPTIMIZATION_LEVEL = 0;
				GCC_PREPROCESSOR_DEFINITIONS = (
					"DEBUG=1",
					"$(inherited)",
				);
				GCC_WARN_64_TO_32_BIT_CONVERSION = YES;
				GCC_WARN_ABOUT_RETURN_TYPE = YES_ERROR;
				GCC_WARN_UNDECLARED_SELECTOR = YES;
				GCC_WARN_UNINITIALIZED_AUTOS = YES_AGGRESSIVE;
				GCC_WARN_UNUSED_FUNCTION = YES;
				GCC_WARN_UNUSED_VARIABLE = YES;
				IPHONEOS_DEPLOYMENT_TARGET = 17.0;
				MTL_ENABLE_DEBUG_INFO = INCLUDE_SOURCE;
				MTL_FAST_MATH = YES;
				ONLY_ACTIVE_ARCH = YES;
				SDKROOT = iphoneos;
				SWIFT_ACTIVE_COMPILATION_CONDITIONS = "DEBUG $(inherited)";
				SWIFT_OPTIMIZATION_LEVEL = "-Onone";
			};
			name = Debug;
		};
		G10005 /* Release */ = {
			isa = XCBuildConfiguration;
			buildSettings = {
				ALWAYS_SEARCH_USER_PATHS = NO;
				ASSETCATALOG_COMPILER_GENERATE_SWIFT_ASSET_SYMBOL_EXTENSIONS = YES;
				CLANG_ANALYZER_NONNULL = YES;
				CLANG_ANALYZER_NUMBER_OBJECT_CONVERSION = YES_AGGRESSIVE;
				CLANG_CXX_LANGUAGE_STANDARD = "gnu++20";
				CLANG_ENABLE_MODULES = YES;
				CLANG_ENABLE_OBJC_ARC = YES;
				CLANG_ENABLE_OBJC_WEAK = YES;
				CLANG_WARN_BLOCK_CAPTURE_AUTORELEASING = YES;
				CLANG_WARN_BOOL_CONVERSION = YES;
				CLANG_WARN_COMMA = YES;
				CLANG_WARN_CONSTANT_CONVERSION = YES;
				CLANG_WARN_DEPRECATED_OBJC_IMPLEMENTATIONS = YES;
				CLANG_WARN_DIRECT_OBJC_ISA_USAGE = YES_ERROR;
				CLANG_WARN_DOCUMENTATION_COMMENTS = YES;
				CLANG_WARN_EMPTY_BODY = YES;
				CLANG_WARN_ENUM_CONVERSION = YES;
				CLANG_WARN_INFINITE_RECURSION = YES;
				CLANG_WARN_INT_CONVERSION = YES;
				CLANG_WARN_NON_LITERAL_NULL_CONVERSION = YES;
				CLANG_WARN_OBJC_IMPLICIT_RETAIN_SELF = YES;
				CLANG_WARN_OBJC_LITERAL_CONVERSION = YES;
				CLANG_WARN_OBJC_ROOT_CLASS = YES_ERROR;
				CLANG_WARN_QUOTED_INCLUDE_IN_FRAMEWORK_HEADER = YES;
				CLANG_WARN_RANGE_LOOP_ANALYSIS = YES;
				CLANG_WARN_STRICT_PROTOTYPES = YES;
				CLANG_WARN_SUSPICIOUS_MOVE = YES;
				CLANG_WARN_UNGUARDED_AVAILABILITY = YES_AGGRESSIVE;
				CLANG_WARN_UNREACHABLE_CODE = YES;
				CLANG_WARN__DUPLICATE_METHOD_MATCH = YES;
				COPY_PHASE_STRIP = NO;
				DEBUG_INFORMATION_FORMAT = "dwarf-with-dsym";
				ENABLE_NS_ASSERTIONS = NO;
				ENABLE_STRICT_OBJC_MSGSEND = YES;
				ENABLE_USER_SCRIPT_SANDBOXING = YES;
				GCC_C_LANGUAGE_STANDARD = gnu17;
				GCC_NO_COMMON_BLOCKS = YES;
				GCC_WARN_64_TO_32_BIT_CONVERSION = YES;
				GCC_WARN_ABOUT_RETURN_TYPE = YES_ERROR;
				GCC_WARN_UNDECLARED_SELECTOR = YES;
				GCC_WARN_UNINITIALIZED_AUTOS = YES_AGGRESSIVE;
				GCC_WARN_UNUSED_FUNCTION = YES;
				GCC_WARN_UNUSED_VARIABLE = YES;
				IPHONEOS_DEPLOYMENT_TARGET = 17.0;
				MTL_ENABLE_DEBUG_INFO = NO;
				MTL_FAST_MATH = YES;
				SDKROOT = iphoneos;
				SWIFT_COMPILATION_MODE = wholemodule;
				VALIDATE_PRODUCT = YES;
			};
			name = Release;
		};
		G10006 /* Debug */ = {
			isa = XCBuildConfiguration;
			buildSettings = {
				ASSETCATALOG_COMPILER_APPICON_NAME = AppIcon;
				ASSETCATALOG_COMPILER_GLOBAL_ACCENT_COLOR_NAME = AccentColor;
				CODE_SIGN_ENTITLEMENTS = WeatherApp/WeatherApp.entitlements;
				CODE_SIGN_STYLE = Automatic;
				CURRENT_PROJECT_VERSION = 1;
				DEVELOPMENT_TEAM = MBVPABF8MH;
				ENABLE_PREVIEWS = YES;
				GENERATE_INFOPLIST_FILE = YES;
				INFOPLIST_FILE = WeatherApp/Info.plist;
				INFOPLIST_KEY_CFBundleDisplayName = Weather;
				INFOPLIST_KEY_LSApplicationCategoryType = "public.app-category.weather";
				INFOPLIST_KEY_NSCalendarsFullAccessUsageDescription = "Access your calendar to find the best weather windows in your free time for outdoor activities.";
				INFOPLIST_KEY_NSLocationWhenInUseUsageDescription = "We need your location to show you local weather conditions.";
				INFOPLIST_KEY_NSSupportsLiveActivities = YES;
				INFOPLIST_KEY_UIApplicationSceneManifest_Generation = YES;
				INFOPLIST_KEY_UIApplicationSupportsIndirectInputEvents = YES;
				INFOPLIST_KEY_UILaunchScreen_Generation = YES;
				INFOPLIST_KEY_UISupportedInterfaceOrientations = UIInterfaceOrientationPortrait;
				INFOPLIST_KEY_UISupportedInterfaceOrientations_iPad = "UIInterfaceOrientationLandscapeLeft UIInterfaceOrientationLandscapeRight UIInterfaceOrientationPortrait UIInterfaceOrientationPortraitUpsideDown";
				LD_RUNPATH_SEARCH_PATHS = (
					"$(inherited)",
					"@executable_path/Frameworks",
				);
				MARKETING_VERSION = 1.0;
				PRODUCT_BUNDLE_IDENTIFIER = com.weatherapp.WeatherBetter;
				PRODUCT_NAME = "$(TARGET_NAME)";
				SUPPORTED_PLATFORMS = "iphoneos iphonesimulator";
				SUPPORTS_MACCATALYST = NO;
				SWIFT_EMIT_LOC_STRINGS = YES;
				SWIFT_VERSION = 5.0;
				TARGETED_DEVICE_FAMILY = "1,2";
			};
			name = Debug;
		};
		G10007 /* Release */ = {
			isa = XCBuildConfiguration;
			buildSettings = {
				ASSETCATALOG_COMPILER_APPICON_NAME = AppIcon;
				ASSETCATALOG_COMPILER_GLOBAL_ACCENT_COLOR_NAME = AccentColor;
				CODE_SIGN_ENTITLEMENTS = WeatherApp/WeatherApp.entitlements;
				CODE_SIGN_STYLE = Automatic;
				CURRENT_PROJECT_VERSION = 1;
				DEVELOPMENT_TEAM = MBVPABF8MH;
				ENABLE_PREVIEWS = YES;
				GENERATE_INFOPLIST_FILE = YES;
				INFOPLIST_FILE = WeatherApp/Info.plist;
				INFOPLIST_KEY_CFBundleDisplayName = Weather;
				INFOPLIST_KEY_LSApplicationCategoryType = "public.app-category.weather";
				INFOPLIST_KEY_NSCalendarsFullAccessUsageDescription = "Access your calendar to find the best weather windows in your free time for outdoor activities.";
				INFOPLIST_KEY_NSLocationWhenInUseUsageDescription = "We need your location to show you local weather conditions.";
				INFOPLIST_KEY_NSSupportsLiveActivities = YES;
				INFOPLIST_KEY_UIApplicationSceneManifest_Generation = YES;
				INFOPLIST_KEY_UIApplicationSupportsIndirectInputEvents = YES;
				INFOPLIST_KEY_UILaunchScreen_Generation = YES;
				INFOPLIST_KEY_UISupportedInterfaceOrientations = UIInterfaceOrientationPortrait;
				INFOPLIST_KEY_UISupportedInterfaceOrientations_iPad = "UIInterfaceOrientationLandscapeLeft UIInterfaceOrientationLandscapeRight UIInterfaceOrientationPortrait UIInterfaceOrientationPortraitUpsideDown";
				LD_RUNPATH_SEARCH_PATHS = (
					"$(inherited)",
					"@executable_path/Frameworks",
				);
				MARKETING_VERSION = 1.0;
				PRODUCT_BUNDLE_IDENTIFIER = com.weatherapp.WeatherBetter;
				PRODUCT_NAME = "$(TARGET_NAME)";
				SUPPORTED_PLATFORMS = "iphoneos iphonesimulator";
				SUPPORTS_MACCATALYST = NO;
				SWIFT_EMIT_LOC_STRINGS = YES;
				SWIFT_VERSION = 5.0;
				TARGETED_DEVICE_FAMILY = "1,2";
			};
			name = Release;
		};
/* End XCBuildConfiguration section */

/* Begin XCConfigurationList section */
		DCFD1069C324B0A867ACF2F6 /* Build configuration list for PBXNativeTarget "RainActivityWidgetExtension" */ = {
			isa = XCConfigurationList;
			buildConfigurations = (
				0B7D01E1B377E14EEEC49FB4 /* Release */,
				1697C972575C1E2FEF68A468 /* Debug */,
			);
			defaultConfigurationIsVisible = 0;
			defaultConfigurationName = Release;
		};
		G10001 /* Build configuration list for PBXProject "WeatherApp" */ = {
			isa = XCConfigurationList;
			buildConfigurations = (
				G10004 /* Debug */,
				G10005 /* Release */,
			);
			defaultConfigurationIsVisible = 0;
			defaultConfigurationName = Release;
		};
		G10003 /* Build configuration list for PBXNativeTarget "WeatherApp" */ = {
			isa = XCConfigurationList;
			buildConfigurations = (
				G10006 /* Debug */,
				G10007 /* Release */,
			);
			defaultConfigurationIsVisible = 0;
			defaultConfigurationName = Release;
		};
/* End XCConfigurationList section */
	};
	rootObject = H10001 /* Project object */;
}
