// !$*UTF8*$!
{
	archiveVersion = 1;
	classes = {
	};
	objectVersion = 56;
	objects = {

/* Begin PBXBuildFile section */
		A10001 /* WeatherAppApp.swift in Sources */ = {isa = PBXBuildFile; fileRef = B10001 /* WeatherAppApp.swift */; };
		A10002 /* ContentView.swift in Sources */ = {isa = PBXBuildFile; fileRef = B10002 /* ContentView.swift */; };
		A10003 /* Assets.xcassets in Resources */ = {isa = PBXBuildFile; fileRef = B10003 /* Assets.xcassets */; };
		A10004 /* WeatherModels.swift in Sources */ = {isa = PBXBuildFile; fileRef = B10004 /* WeatherModels.swift */; };
		A10005 /* WeatherViewModel.swift in Sources */ = {isa = PBXBuildFile; fileRef = B10005 /* WeatherViewModel.swift */; };
		A10006 /* WeatherService.swift in Sources */ = {isa = PBXBuildFile; fileRef = B10006 /* WeatherService.swift */; };
		A10007 /* LocationService.swift in Sources */ = {isa = PBXBuildFile; fileRef = B10007 /* LocationService.swift */; };
		A10008 /* ColorExtensions.swift in Sources */ = {isa = PBXBuildFile; fileRef = B10008 /* ColorExtensions.swift */; };
		A10009 /* GlassCard.swift in Sources */ = {isa = PBXBuildFile; fileRef = B10009 /* GlassCard.swift */; };
		A10010 /* CurrentWeatherHeader.swift in Sources */ = {isa = PBXBuildFile; fileRef = B10010 /* CurrentWeatherHeader.swift */; };
		A10011 /* TodayPhasesView.swift in Sources */ = {isa = PBXBuildFile; fileRef = B10011 /* TodayPhasesView.swift */; };
		A10012 /* HourlyForecastView.swift in Sources */ = {isa = PBXBuildFile; fileRef = B10012 /* HourlyForecastView.swift */; };
		A10013 /* DailyForecastView.swift in Sources */ = {isa = PBXBuildFile; fileRef = B10013 /* DailyForecastView.swift */; };
		A10014 /* SettingsView.swift in Sources */ = {isa = PBXBuildFile; fileRef = B10015 /* SettingsView.swift */; };
		A10015 /* CitySearchService.swift in Sources */ = {isa = PBXBuildFile; fileRef = B10016 /* CitySearchService.swift */; };
		A10016 /* CitySearchSheet.swift in Sources */ = {isa = PBXBuildFile; fileRef = B10017 /* CitySearchSheet.swift */; };
		A10017 /* WeatherNowView.swift in Sources */ = {isa = PBXBuildFile; fileRef = B10018 /* WeatherNowView.swift */; };
		A10018 /* PlanYourDayView.swift in Sources */ = {isa = PBXBuildFile; fileRef = B10019 /* PlanYourDayView.swift */; };
		A10019 /* CalendarService.swift in Sources */ = {isa = PBXBuildFile; fileRef = B10020 /* CalendarService.swift */; };
		A10020 /* ActivityScorer.swift in Sources */ = {isa = PBXBuildFile; fileRef = B10021 /* ActivityScorer.swift */; };
		A10021 /* MorningBriefing.swift in Sources */ = {isa = PBXBuildFile; fileRef = B10022 /* MorningBriefing.swift */; };
		A10022 /* UnitSettings.swift in Sources */ = {isa = PBXBuildFile; fileRef = B10023 /* UnitSettings.swift */; };
		A10023 /* OnboardingView.swift in Sources */ = {isa = PBXBuildFile; fileRef = B10024 /* OnboardingView.swift */; };
		A10024 /* AirQualityView.swift in Sources */ = {isa = PBXBuildFile; fileRef = B10025 /* AirQualityView.swift */; };
		A10025 /* PressureView.swift in Sources */ = {isa = PBXBuildFile; fileRef = B10026 /* PressureView.swift */; };
		A10026 /* WindGaugeView.swift in Sources */ = {isa = PBXBuildFile; fileRef = B10027 /* WindGaugeView.swift */; };
		A10027 /* SunriseSunsetView.swift in Sources */ = {isa = PBXBuildFile; fileRef = B10028 /* SunriseSunsetView.swift */; };
		A10028 /* PrecipTimelineView.swift in Sources */ = {isa = PBXBuildFile; fileRef = B10029 /* PrecipTimelineView.swift */; };
		A10029 /* SunshinePlannerView.swift in Sources */ = {isa = PBXBuildFile; fileRef = B10030 /* SunshinePlannerView.swift */; };
		A10030 /* ComfortIndexView.swift in Sources */ = {isa = PBXBuildFile; fileRef = B10031 /* ComfortIndexView.swift */; };
		A10031 /* CloudCoverView.swift in Sources */ = {isa = PBXBuildFile; fileRef = B10032 /* CloudCoverView.swift */; };
		A10032 /* GardeningView.swift in Sources */ = {isa = PBXBuildFile; fileRef = B10033 /* GardeningView.swift */; };
		A10033 /* AlertsService.swift in Sources */ = {isa = PBXBuildFile; fileRef = B10034 /* AlertsService.swift */; };
		A10034 /* WeatherWarningsView.swift in Sources */ = {isa = PBXBuildFile; fileRef = B10035 /* WeatherWarningsView.swift */; };
		A10035 /* DayDetailSheet.swift in Sources */ = {isa = PBXBuildFile; fileRef = B10036 /* DayDetailSheet.swift */; };
		A10036 /* RadarService.swift in Sources */ = {isa = PBXBuildFile; fileRef = B10037 /* RadarService.swift */; };
		A10037 /* RadarMapView.swift in Sources */ = {isa = PBXBuildFile; fileRef = B10038 /* RadarMapView.swift */; };
		A10038 /* TileCache.swift in Sources */ = {isa = PBXBuildFile; fileRef = B10039 /* TileCache.swift */; };
		A10039 /* SavedLocation.swift in Sources */ = {isa = PBXBuildFile; fileRef = B10040 /* SavedLocation.swift */; };
		A10040 /* RadarPreviewCard.swift in Sources */ = {isa = PBXBuildFile; fileRef = B10041 /* RadarPreviewCard.swift */; };
		A10041 /* SearchTabView.swift in Sources */ = {isa = PBXBuildFile; fileRef = B10042 /* SearchTabView.swift */; };
		A10042 /* ClothingAdvisor.swift in Sources */ = {isa = PBXBuildFile; fileRef = B10043 /* ClothingAdvisor.swift */; };
		A10043 /* RainActivityAttributes.swift in Sources */ = {isa = PBXBuildFile; fileRef = B10044 /* RainActivityAttributes.swift */; };
		A10044 /* RainActivityService.swift in Sources */ = {isa = PBXBuildFile; fileRef = B10045 /* RainActivityService.swift */; };
		A20001 /* RainActivityBundle.swift in Sources */ = {isa = PBXBuildFile; fileRef = B20001 /* RainActivityBundle.swift */; };
		A20002 /* RainActivityLiveActivity.swift in Sources */ = {isa = PBXBuildFile; fileRef = B20002 /* RainActivityLiveActivity.swift */; };
		A20003 /* RainActivityAttributes.swift in Sources */ = {isa = PBXBuildFile; fileRef = B10044 /* RainActivityAttributes.swift */; };
		A20004 /* RainActivityWidgetExtension.appex in Embed Foundation Extensions */ = {isa = PBXBuildFile; fileRef = C20001 /* RainActivityWidgetExtension.appex */; settings = {ATTRIBUTES = (RemoveHeadersOnCopy, ); }; };
		A10045 /* SharedWeatherData.swift in Sources */ = {isa = PBXBuildFile; fileRef = B10046 /* SharedWeatherData.swift */; };
		A20005 /* SharedWeatherData.swift in Sources */ = {isa = PBXBuildFile; fileRef = B10046 /* SharedWeatherData.swift */; };
		A20006 /* CurrentConditionsWidget.swift in Sources */ = {isa = PBXBuildFile; fileRef = B20003 /* CurrentConditionsWidget.swift */; };
		A20007 /* HourlyForecastWidget.swift in Sources */ = {isa = PBXBuildFile; fileRef = B20004 /* HourlyForecastWidget.swift */; };
		A20008 /* RainTimelineWidget.swift in Sources */ = {isa = PBXBuildFile; fileRef = B20005 /* RainTimelineWidget.swift */; };
		A20009 /* DailyForecastWidget.swift in Sources */ = {isa = PBXBuildFile; fileRef = B20006 /* DailyForecastWidget.swift */; };
		A20010 /* BestTimeForWidget.swift in Sources */ = {isa = PBXBuildFile; fileRef = B20007 /* BestTimeForWidget.swift */; };
		A20011 /* WeatherWidgetHelpers.swift in Sources */ = {isa = PBXBuildFile; fileRef = B20008 /* WeatherWidgetHelpers.swift */; };
/* End PBXBuildFile section */

/* Begin PBXContainerItemProxy section */
		P10001 = {
			isa = PBXContainerItemProxy;
			containerPortal = H10001 /* Project object */;
			proxyType = 1;
			remoteGlobalIDString = F20001;
			remoteInfo = RainActivityWidgetExtension;
		};
/* End PBXContainerItemProxy section */

/* Begin PBXCopyFilesBuildPhase section */
		F20004 /* Embed Foundation Extensions */ = {
			isa = PBXCopyFilesBuildPhase;
			buildActionMask = 2147483647;
			dstPath = "";
			dstSubfolderSpec = 13;
			files = (
				A20004 /* RainActivityWidgetExtension.appex in Embed Foundation Extensions */,
			);
			name = "Embed Foundation Extensions";
			runOnlyForDeploymentPostprocessing = 0;
		};
/* End PBXCopyFilesBuildPhase section */

/* Begin PBXFileReference section */
		B10001 /* WeatherAppApp.swift */ = {isa = PBXFileReference; lastKnownFileType = sourcecode.swift; path = WeatherAppApp.swift; sourceTree = "<group>"; };
		B10002 /* ContentView.swift */ = {isa = PBXFileReference; lastKnownFileType = sourcecode.swift; path = ContentView.swift; sourceTree = "<group>"; };
		B10003 /* Assets.xcassets */ = {isa = PBXFileReference; lastKnownFileType = folder.assetcatalog; path = Assets.xcassets; sourceTree = "<group>"; };
		B10004 /* WeatherModels.swift */ = {isa = PBXFileReference; lastKnownFileType = sourcecode.swift; path = WeatherModels.swift; sourceTree = "<group>"; };
		B10005 /* WeatherViewModel.swift */ = {isa = PBXFileReference; lastKnownFileType = sourcecode.swift; path = WeatherViewModel.swift; sourceTree = "<group>"; };
		B10006 /* WeatherService.swift */ = {isa = PBXFileReference; lastKnownFileType = sourcecode.swift; path = WeatherService.swift; sourceTree = "<group>"; };
		B10007 /* LocationService.swift */ = {isa = PBXFileReference; lastKnownFileType = sourcecode.swift; path = LocationService.swift; sourceTree = "<group>"; };
		B10008 /* ColorExtensions.swift */ = {isa = PBXFileReference; lastKnownFileType = sourcecode.swift; path = ColorExtensions.swift; sourceTree = "<group>"; };
		B10009 /* GlassCard.swift */ = {isa = PBXFileReference; lastKnownFileType = sourcecode.swift; path = GlassCard.swift; sourceTree = "<group>"; };
		B10010 /* CurrentWeatherHeader.swift */ = {isa = PBXFileReference; lastKnownFileType = sourcecode.swift; path = CurrentWeatherHeader.swift; sourceTree = "<group>"; };
		B10011 /* TodayPhasesView.swift */ = {isa = PBXFileReference; lastKnownFileType = sourcecode.swift; path = TodayPhasesView.swift; sourceTree = "<group>"; };
		B10012 /* HourlyForecastView.swift */ = {isa = PBXFileReference; lastKnownFileType = sourcecode.swift; path = HourlyForecastView.swift; sourceTree = "<group>"; };
		B10013 /* DailyForecastView.swift */ = {isa = PBXFileReference; lastKnownFileType = sourcecode.swift; path = DailyForecastView.swift; sourceTree = "<group>"; };
		B10014 /* Info.plist */ = {isa = PBXFileReference; lastKnownFileType = text.plist.xml; path = Info.plist; sourceTree = "<group>"; };
		B10015 /* SettingsView.swift */ = {isa = PBXFileReference; lastKnownFileType = sourcecode.swift; path = SettingsView.swift; sourceTree = "<group>"; };
		B10016 /* CitySearchService.swift */ = {isa = PBXFileReference; lastKnownFileType = sourcecode.swift; path = CitySearchService.swift; sourceTree = "<group>"; };
		B10017 /* CitySearchSheet.swift */ = {isa = PBXFileReference; lastKnownFileType = sourcecode.swift; path = CitySearchSheet.swift; sourceTree = "<group>"; };
		B10018 /* WeatherNowView.swift */ = {isa = PBXFileReference; lastKnownFileType = sourcecode.swift; path = WeatherNowView.swift; sourceTree = "<group>"; };
		B10019 /* PlanYourDayView.swift */ = {isa = PBXFileReference; lastKnownFileType = sourcecode.swift; path = PlanYourDayView.swift; sourceTree = "<group>"; };
		B10020 /* CalendarService.swift */ = {isa = PBXFileReference; lastKnownFileType = sourcecode.swift; path = CalendarService.swift; sourceTree = "<group>"; };
		B10021 /* ActivityScorer.swift */ = {isa = PBXFileReference; lastKnownFileType = sourcecode.swift; path = ActivityScorer.swift; sourceTree = "<group>"; };
		B10022 /* MorningBriefing.swift */ = {isa = PBXFileReference; lastKnownFileType = sourcecode.swift; path = MorningBriefing.swift; sourceTree = "<group>"; };
		B10023 /* UnitSettings.swift */ = {isa = PBXFileReference; lastKnownFileType = sourcecode.swift; path = UnitSettings.swift; sourceTree = "<group>"; };
		B10024 /* OnboardingView.swift */ = {isa = PBXFileReference; lastKnownFileType = sourcecode.swift; path = OnboardingView.swift; sourceTree = "<group>"; };
		B10025 /* AirQualityView.swift */ = {isa = PBXFileReference; lastKnownFileType = sourcecode.swift; path = AirQualityView.swift; sourceTree = "<group>"; };
		B10026 /* PressureView.swift */ = {isa = PBXFileReference; lastKnownFileType = sourcecode.swift; path = PressureView.swift; sourceTree = "<group>"; };
		B10027 /* WindGaugeView.swift */ = {isa = PBXFileReference; lastKnownFileType = sourcecode.swift; path = WindGaugeView.swift; sourceTree = "<group>"; };
		B10028 /* SunriseSunsetView.swift */ = {isa = PBXFileReference; lastKnownFileType = sourcecode.swift; path = SunriseSunsetView.swift; sourceTree = "<group>"; };
		B10029 /* PrecipTimelineView.swift */ = {isa = PBXFileReference; lastKnownFileType = sourcecode.swift; path = PrecipTimelineView.swift; sourceTree = "<group>"; };
		B10030 /* SunshinePlannerView.swift */ = {isa = PBXFileReference; lastKnownFileType = sourcecode.swift; path = SunshinePlannerView.swift; sourceTree = "<group>"; };
		B10031 /* ComfortIndexView.swift */ = {isa = PBXFileReference; lastKnownFileType = sourcecode.swift; path = ComfortIndexView.swift; sourceTree = "<group>"; };
		B10032 /* CloudCoverView.swift */ = {isa = PBXFileReference; lastKnownFileType = sourcecode.swift; path = CloudCoverView.swift; sourceTree = "<group>"; };
		B10033 /* GardeningView.swift */ = {isa = PBXFileReference; lastKnownFileType = sourcecode.swift; path = GardeningView.swift; sourceTree = "<group>"; };
		B10034 /* AlertsService.swift */ = {isa = PBXFileReference; lastKnownFileType = sourcecode.swift; path = AlertsService.swift; sourceTree = "<group>"; };
		B10035 /* WeatherWarningsView.swift */ = {isa = PBXFileReference; lastKnownFileType = sourcecode.swift; path = WeatherWarningsView.swift; sourceTree = "<group>"; };
		B10036 /* DayDetailSheet.swift */ = {isa = PBXFileReference; lastKnownFileType = sourcecode.swift; path = DayDetailSheet.swift; sourceTree = "<group>"; };
		B10037 /* RadarService.swift */ = {isa = PBXFileReference; lastKnownFileType = sourcecode.swift; path = RadarService.swift; sourceTree = "<group>"; };
		B10038 /* RadarMapView.swift */ = {isa = PBXFileReference; lastKnownFileType = sourcecode.swift; path = RadarMapView.swift; sourceTree = "<group>"; };
		B10039 /* TileCache.swift */ = {isa = PBXFileReference; lastKnownFileType = sourcecode.swift; path = TileCache.swift; sourceTree = "<group>"; };
		B10040 /* SavedLocation.swift */ = {isa = PBXFileReference; lastKnownFileType = sourcecode.swift; path = SavedLocation.swift; sourceTree = "<group>"; };
		B10041 /* RadarPreviewCard.swift */ = {isa = PBXFileReference; lastKnownFileType = sourcecode.swift; path = RadarPreviewCard.swift; sourceTree = "<group>"; };
		B10042 /* SearchTabView.swift */ = {isa = PBXFileReference; lastKnownFileType = sourcecode.swift; path = SearchTabView.swift; sourceTree = "<group>"; };
		B10043 /* ClothingAdvisor.swift */ = {isa = PBXFileReference; lastKnownFileType = sourcecode.swift; path = ClothingAdvisor.swift; sourceTree = "<group>"; };
		B10044 /* RainActivityAttributes.swift */ = {isa = PBXFileReference; lastKnownFileType = sourcecode.swift; path = RainActivityAttributes.swift; sourceTree = "<group>"; };
		B10045 /* RainActivityService.swift */ = {isa = PBXFileReference; lastKnownFileType = sourcecode.swift; path = RainActivityService.swift; sourceTree = "<group>"; };
		B20001 /* RainActivityBundle.swift */ = {isa = PBXFileReference; lastKnownFileType = sourcecode.swift; path = RainActivityBundle.swift; sourceTree = "<group>"; };
		B20002 /* RainActivityLiveActivity.swift */ = {isa = PBXFileReference; lastKnownFileType = sourcecode.swift; path = RainActivityLiveActivity.swift; sourceTree = "<group>"; };
		B20003 /* CurrentConditionsWidget.swift */ = {isa = PBXFileReference; lastKnownFileType = sourcecode.swift; path = CurrentConditionsWidget.swift; sourceTree = "<group>"; };
		B20004 /* HourlyForecastWidget.swift */ = {isa = PBXFileReference; lastKnownFileType = sourcecode.swift; path = HourlyForecastWidget.swift; sourceTree = "<group>"; };
		B20005 /* RainTimelineWidget.swift */ = {isa = PBXFileReference; lastKnownFileType = sourcecode.swift; path = RainTimelineWidget.swift; sourceTree = "<group>"; };
		B20006 /* DailyForecastWidget.swift */ = {isa = PBXFileReference; lastKnownFileType = sourcecode.swift; path = DailyForecastWidget.swift; sourceTree = "<group>"; };
		B20007 /* BestTimeForWidget.swift */ = {isa = PBXFileReference; lastKnownFileType = sourcecode.swift; path = BestTimeForWidget.swift; sourceTree = "<group>"; };
		B20008 /* WeatherWidgetHelpers.swift */ = {isa = PBXFileReference; lastKnownFileType = sourcecode.swift; path = WeatherWidgetHelpers.swift; sourceTree = "<group>"; };
		B10046 /* SharedWeatherData.swift */ = {isa = PBXFileReference; lastKnownFileType = sourcecode.swift; path = SharedWeatherData.swift; sourceTree = "<group>"; };
		C10001 /* WeatherApp.app */ = {isa = PBXFileReference; explicitFileType = wrapper.application; includeInIndex = 0; path = WeatherApp.app; sourceTree = BUILT_PRODUCTS_DIR; };
		C20001 /* RainActivityWidgetExtension.appex */ = {isa = PBXFileReference; explicitFileType = "wrapper.app-extension"; includeInIndex = 0; path = RainActivityWidgetExtension.appex; sourceTree = BUILT_PRODUCTS_DIR; };
/* End PBXFileReference section */

/* Begin PBXFrameworksBuildPhase section */
		D10001 /* Frameworks */ = {
			isa = PBXFrameworksBuildPhase;
			buildActionMask = 2147483647;
			files = (
			);
			runOnlyForDeploymentPostprocessing = 0;
		};
/* End PBXFrameworksBuildPhase section */

/* Begin PBXGroup section */
		E10001 = {
			isa = PBXGroup;
			children = (
				E10002 /* WeatherApp */,
				E20001 /* RainActivityWidget */,
				E10009 /* Products */,
			);
			sourceTree = "<group>";
		};
		E10002 /* WeatherApp */ = {
			isa = PBXGroup;
			children = (
				B10001 /* WeatherAppApp.swift */,
				B10002 /* ContentView.swift */,
				B10014 /* Info.plist */,
				B10003 /* Assets.xcassets */,
				E10003 /* Models */,
				E10004 /* ViewModels */,
				E10005 /* Views */,
				E10007 /* Services */,
				E10008 /* Utilities */,
			);
			path = WeatherApp;
			sourceTree = "<group>";
		};
		E10003 /* Models */ = {
			isa = PBXGroup;
			children = (
				B10004 /* WeatherModels.swift */,
				B10022 /* MorningBriefing.swift */,
				B10023 /* UnitSettings.swift */,
				B10040 /* SavedLocation.swift */,
				B10044 /* RainActivityAttributes.swift */,
				B10046 /* SharedWeatherData.swift */,
			);
			path = Models;
			sourceTree = "<group>";
		};
		E10004 /* ViewModels */ = {
			isa = PBXGroup;
			children = (
				B10005 /* WeatherViewModel.swift */,
			);
			path = ViewModels;
			sourceTree = "<group>";
		};
		E10005 /* Views */ = {
			isa = PBXGroup;
			children = (
				B10018 /* WeatherNowView.swift */,
				B10024 /* OnboardingView.swift */,
				E10006 /* Components */,
				E10010 /* Sections */,
			);
			path = Views;
			sourceTree = "<group>";
		};
		E10006 /* Components */ = {
			isa = PBXGroup;
			children = (
				B10009 /* GlassCard.swift */,
				B10017 /* CitySearchSheet.swift */,
				B10036 /* DayDetailSheet.swift */,
			);
			path = Components;
			sourceTree = "<group>";
		};
		E10007 /* Services */ = {
			isa = PBXGroup;
			children = (
				B10006 /* WeatherService.swift */,
				B10007 /* LocationService.swift */,
				B10016 /* CitySearchService.swift */,
				B10020 /* CalendarService.swift */,
				B10021 /* ActivityScorer.swift */,
				B10034 /* AlertsService.swift */,
				B10037 /* RadarService.swift */,
				B10039 /* TileCache.swift */,
			B10043 /* ClothingAdvisor.swift */,
			B10045 /* RainActivityService.swift */,
			);
			path = Services;
			sourceTree = "<group>";
		};
		E10008 /* Utilities */ = {
			isa = PBXGroup;
			children = (
				B10008 /* ColorExtensions.swift */,
			);
			path = Utilities;
			sourceTree = "<group>";
		};
		E10009 /* Products */ = {
			isa = PBXGroup;
			children = (
				C10001 /* WeatherApp.app */,
				C20001 /* RainActivityWidgetExtension.appex */,
			);
			name = Products;
			sourceTree = "<group>";
		};
		E10010 /* Sections */ = {
			isa = PBXGroup;
			children = (
				B10010 /* CurrentWeatherHeader.swift */,
				B10011 /* TodayPhasesView.swift */,
				B10012 /* HourlyForecastView.swift */,
				B10013 /* DailyForecastView.swift */,
				B10019 /* PlanYourDayView.swift */,
				B10015 /* SettingsView.swift */,
				B10025 /* AirQualityView.swift */,
				B10026 /* PressureView.swift */,
				B10027 /* WindGaugeView.swift */,
				B10028 /* SunriseSunsetView.swift */,
				B10029 /* PrecipTimelineView.swift */,
				B10030 /* SunshinePlannerView.swift */,
				B10031 /* ComfortIndexView.swift */,
				B10032 /* CloudCoverView.swift */,
				B10033 /* GardeningView.swift */,
				B10035 /* WeatherWarningsView.swift */,
				B10038 /* RadarMapView.swift */,
				B10041 /* RadarPreviewCard.swift */,
				B10042 /* SearchTabView.swift */,
			);
			path = Sections;
			sourceTree = "<group>";
		};
		E20001 /* RainActivityWidget */ = {
			isa = PBXGroup;
			children = (
				B20001 /* RainActivityBundle.swift */,
				B20002 /* RainActivityLiveActivity.swift */,
				B20003 /* CurrentConditionsWidget.swift */,
				B20004 /* HourlyForecastWidget.swift */,
				B20005 /* RainTimelineWidget.swift */,
				B20006 /* DailyForecastWidget.swift */,
				B20007 /* BestTimeForWidget.swift */,
				B20008 /* WeatherWidgetHelpers.swift */,
			);
			path = RainActivityWidget;
			sourceTree = "<group>";
		};
/* End PBXGroup section */

/* Begin PBXNativeTarget section */
		F10001 /* WeatherApp */ = {
			isa = PBXNativeTarget;
			buildConfigurationList = G10003 /* Build configuration list for PBXNativeTarget "WeatherApp" */;
			buildPhases = (
				F10002 /* Sources */,
				D10001 /* Frameworks */,
				F10003 /* Resources */,
				F20004 /* Embed Foundation Extensions */,
			);
			buildRules = (
			);
			dependencies = (
				P10002 /* PBXTargetDependency */,
			);
			name = WeatherApp;
			productName = WeatherApp;
			productReference = C10001 /* WeatherApp.app */;
			productType = "com.apple.product-type.application";
		};
		F20001 /* RainActivityWidgetExtension */ = {
			isa = PBXNativeTarget;
			buildConfigurationList = G20003 /* Build configuration list for PBXNativeTarget "RainActivityWidgetExtension" */;
			buildPhases = (
				F20002 /* Sources */,
				F20003 /* Frameworks */,
			);
			buildRules = (
			);
			dependencies = (
			);
			name = RainActivityWidgetExtension;
			productName = RainActivityWidgetExtension;
			productReference = C20001 /* RainActivityWidgetExtension.appex */;
			productType = "com.apple.product-type.app-extension";
		};
/* End PBXNativeTarget section */

/* Begin PBXProject section */
		H10001 /* Project object */ = {
			isa = PBXProject;
			attributes = {
				BuildIndependentTargetsInParallel = 1;
				LastSwiftUpdateCheck = 1500;
				LastUpgradeCheck = 1500;
				TargetAttributes = {
					F10001 = {
						CreatedOnToolsVersion = 15.0;
					};
					F20001 = {
						CreatedOnToolsVersion = 15.0;
					};
				};
			};
			buildConfigurationList = G10001 /* Build configuration list for PBXProject "WeatherApp" */;
			compatibilityVersion = "Xcode 14.0";
			developmentRegion = en;
			hasScannedForEncodings = 0;
			knownRegions = (
				en,
				Base,
			);
			mainGroup = E10001;
			productRefGroup = E10009 /* Products */;
			projectDirPath = "";
			projectRoot = "";
			targets = (
				F10001 /* WeatherApp */,
				F20001 /* RainActivityWidgetExtension */,
			);
		};
/* End PBXProject section */

/* Begin PBXResourcesBuildPhase section */
		F10003 /* Resources */ = {
			isa = PBXResourcesBuildPhase;
			buildActionMask = 2147483647;
			files = (
				A10003 /* Assets.xcassets in Resources */,
			);
			runOnlyForDeploymentPostprocessing = 0;
		};
/* End PBXResourcesBuildPhase section */

/* Begin PBXSourcesBuildPhase section */
		F10002 /* Sources */ = {
			isa = PBXSourcesBuildPhase;
			buildActionMask = 2147483647;
			files = (
				A10001 /* WeatherAppApp.swift in Sources */,
				A10002 /* ContentView.swift in Sources */,
				A10004 /* WeatherModels.swift in Sources */,
				A10005 /* WeatherViewModel.swift in Sources */,
				A10006 /* WeatherService.swift in Sources */,
				A10007 /* LocationService.swift in Sources */,
				A10008 /* ColorExtensions.swift in Sources */,
				A10009 /* GlassCard.swift in Sources */,
				A10010 /* CurrentWeatherHeader.swift in Sources */,
				A10011 /* TodayPhasesView.swift in Sources */,
				A10012 /* HourlyForecastView.swift in Sources */,
				A10013 /* DailyForecastView.swift in Sources */,
				A10014 /* SettingsView.swift in Sources */,
				A10015 /* CitySearchService.swift in Sources */,
				A10016 /* CitySearchSheet.swift in Sources */,
				A10017 /* WeatherNowView.swift in Sources */,
				A10018 /* PlanYourDayView.swift in Sources */,
				A10019 /* CalendarService.swift in Sources */,
				A10020 /* ActivityScorer.swift in Sources */,
				A10021 /* MorningBriefing.swift in Sources */,
				A10022 /* UnitSettings.swift in Sources */,
				A10023 /* OnboardingView.swift in Sources */,
				A10024 /* AirQualityView.swift in Sources */,
				A10025 /* PressureView.swift in Sources */,
				A10026 /* WindGaugeView.swift in Sources */,
				A10027 /* SunriseSunsetView.swift in Sources */,
				A10028 /* PrecipTimelineView.swift in Sources */,
				A10029 /* SunshinePlannerView.swift in Sources */,
				A10030 /* ComfortIndexView.swift in Sources */,
				A10031 /* CloudCoverView.swift in Sources */,
				A10032 /* GardeningView.swift in Sources */,
				A10033 /* AlertsService.swift in Sources */,
				A10034 /* WeatherWarningsView.swift in Sources */,
				A10035 /* DayDetailSheet.swift in Sources */,
				A10036 /* RadarService.swift in Sources */,
				A10037 /* RadarMapView.swift in Sources */,
				A10038 /* TileCache.swift in Sources */,
				A10039 /* SavedLocation.swift in Sources */,
				A10040 /* RadarPreviewCard.swift in Sources */,
				A10041 /* SearchTabView.swift in Sources */,
			A10042 /* ClothingAdvisor.swift in Sources */,
			A10043 /* RainActivityAttributes.swift in Sources */,
			A10044 /* RainActivityService.swift in Sources */,
			A10045 /* SharedWeatherData.swift in Sources */,
			);
			runOnlyForDeploymentPostprocessing = 0;
		};
		F20002 /* Sources */ = {
			isa = PBXSourcesBuildPhase;
			buildActionMask = 2147483647;
			files = (
				A20001 /* RainActivityBundle.swift in Sources */,
				A20002 /* RainActivityLiveActivity.swift in Sources */,
				A20003 /* RainActivityAttributes.swift in Sources */,
				A20005 /* SharedWeatherData.swift in Sources */,
				A20006 /* CurrentConditionsWidget.swift in Sources */,
				A20007 /* HourlyForecastWidget.swift in Sources */,
				A20008 /* RainTimelineWidget.swift in Sources */,
				A20009 /* DailyForecastWidget.swift in Sources */,
				A20010 /* BestTimeForWidget.swift in Sources */,
				A20011 /* WeatherWidgetHelpers.swift in Sources */,
			);
			runOnlyForDeploymentPostprocessing = 0;
		};
		F20003 /* Frameworks */ = {
			isa = PBXFrameworksBuildPhase;
			buildActionMask = 2147483647;
			files = (
			);
			runOnlyForDeploymentPostprocessing = 0;
		};
/* End PBXSourcesBuildPhase section */

/* Begin XCBuildConfiguration section */
		G10004 /* Debug */ = {
			isa = XCBuildConfiguration;
			buildSettings = {
				ALWAYS_SEARCH_USER_PATHS = NO;
				ASSETCATALOG_COMPILER_GENERATE_SWIFT_ASSET_SYMBOL_EXTENSIONS = YES;
				CLANG_ANALYZER_NONNULL = YES;
				CLANG_ANALYZER_NUMBER_OBJECT_CONVERSION = YES_AGGRESSIVE;
				CLANG_CXX_LANGUAGE_STANDARD = "gnu++20";
				CLANG_ENABLE_MODULES = YES;
				CLANG_ENABLE_OBJC_ARC = YES;
				CLANG_ENABLE_OBJC_WEAK = YES;
				CLANG_WARN_BLOCK_CAPTURE_AUTORELEASING = YES;
				CLANG_WARN_BOOL_CONVERSION = YES;
				CLANG_WARN_COMMA = YES;
				CLANG_WARN_CONSTANT_CONVERSION = YES;
				CLANG_WARN_DEPRECATED_OBJC_IMPLEMENTATIONS = YES;
				CLANG_WARN_DIRECT_OBJC_ISA_USAGE = YES_ERROR;
				CLANG_WARN_DOCUMENTATION_COMMENTS = YES;
				CLANG_WARN_EMPTY_BODY = YES;
				CLANG_WARN_ENUM_CONVERSION = YES;
				CLANG_WARN_INFINITE_RECURSION = YES;
				CLANG_WARN_INT_CONVERSION = YES;
				CLANG_WARN_NON_LITERAL_NULL_CONVERSION = YES;
				CLANG_WARN_OBJC_IMPLICIT_RETAIN_SELF = YES;
				CLANG_WARN_OBJC_LITERAL_CONVERSION = YES;
				CLANG_WARN_OBJC_ROOT_CLASS = YES_ERROR;
				CLANG_WARN_QUOTED_INCLUDE_IN_FRAMEWORK_HEADER = YES;
				CLANG_WARN_RANGE_LOOP_ANALYSIS = YES;
				CLANG_WARN_STRICT_PROTOTYPES = YES;
				CLANG_WARN_SUSPICIOUS_MOVE = YES;
				CLANG_WARN_UNGUARDED_AVAILABILITY = YES_AGGRESSIVE;
				CLANG_WARN_UNREACHABLE_CODE = YES;
				CLANG_WARN__DUPLICATE_METHOD_MATCH = YES;
				COPY_PHASE_STRIP = NO;
				DEBUG_INFORMATION_FORMAT = dwarf;
				ENABLE_STRICT_OBJC_MSGSEND = YES;
				ENABLE_TESTABILITY = YES;
				ENABLE_USER_SCRIPT_SANDBOXING = YES;
				GCC_C_LANGUAGE_STANDARD = gnu17;
				GCC_DYNAMIC_NO_PIC = NO;
				GCC_NO_COMMON_BLOCKS = YES;
				GCC_OPTIMIZATION_LEVEL = 0;
				GCC_PREPROCESSOR_DEFINITIONS = (
					"DEBUG=1",
					"$(inherited)",
				);
				GCC_WARN_64_TO_32_BIT_CONVERSION = YES;
				GCC_WARN_ABOUT_RETURN_TYPE = YES_ERROR;
				GCC_WARN_UNDECLARED_SELECTOR = YES;
				GCC_WARN_UNINITIALIZED_AUTOS = YES_AGGRESSIVE;
				GCC_WARN_UNUSED_FUNCTION = YES;
				GCC_WARN_UNUSED_VARIABLE = YES;
				IPHONEOS_DEPLOYMENT_TARGET = 17.0;
				MTL_ENABLE_DEBUG_INFO = INCLUDE_SOURCE;
				MTL_FAST_MATH = YES;
				ONLY_ACTIVE_ARCH = YES;
				SDKROOT = iphoneos;
				SWIFT_ACTIVE_COMPILATION_CONDITIONS = "DEBUG $(inherited)";
				SWIFT_OPTIMIZATION_LEVEL = "-Onone";
			};
			name = Debug;
		};
		G10005 /* Release */ = {
			isa = XCBuildConfiguration;
			buildSettings = {
				ALWAYS_SEARCH_USER_PATHS = NO;
				ASSETCATALOG_COMPILER_GENERATE_SWIFT_ASSET_SYMBOL_EXTENSIONS = YES;
				CLANG_ANALYZER_NONNULL = YES;
				CLANG_ANALYZER_NUMBER_OBJECT_CONVERSION = YES_AGGRESSIVE;
				CLANG_CXX_LANGUAGE_STANDARD = "gnu++20";
				CLANG_ENABLE_MODULES = YES;
				CLANG_ENABLE_OBJC_ARC = YES;
				CLANG_ENABLE_OBJC_WEAK = YES;
				CLANG_WARN_BLOCK_CAPTURE_AUTORELEASING = YES;
				CLANG_WARN_BOOL_CONVERSION = YES;
				CLANG_WARN_COMMA = YES;
				CLANG_WARN_CONSTANT_CONVERSION = YES;
				CLANG_WARN_DEPRECATED_OBJC_IMPLEMENTATIONS = YES;
				CLANG_WARN_DIRECT_OBJC_ISA_USAGE = YES_ERROR;
				CLANG_WARN_DOCUMENTATION_COMMENTS = YES;
				CLANG_WARN_EMPTY_BODY = YES;
				CLANG_WARN_ENUM_CONVERSION = YES;
				CLANG_WARN_INFINITE_RECURSION = YES;
				CLANG_WARN_INT_CONVERSION = YES;
				CLANG_WARN_NON_LITERAL_NULL_CONVERSION = YES;
				CLANG_WARN_OBJC_IMPLICIT_RETAIN_SELF = YES;
				CLANG_WARN_OBJC_LITERAL_CONVERSION = YES;
				CLANG_WARN_OBJC_ROOT_CLASS = YES_ERROR;
				CLANG_WARN_QUOTED_INCLUDE_IN_FRAMEWORK_HEADER = YES;
				CLANG_WARN_RANGE_LOOP_ANALYSIS = YES;
				CLANG_WARN_STRICT_PROTOTYPES = YES;
				CLANG_WARN_SUSPICIOUS_MOVE = YES;
				CLANG_WARN_UNGUARDED_AVAILABILITY = YES_AGGRESSIVE;
				CLANG_WARN_UNREACHABLE_CODE = YES;
				CLANG_WARN__DUPLICATE_METHOD_MATCH = YES;
				COPY_PHASE_STRIP = NO;
				DEBUG_INFORMATION_FORMAT = "dwarf-with-dsym";
				ENABLE_NS_ASSERTIONS = NO;
				ENABLE_STRICT_OBJC_MSGSEND = YES;
				ENABLE_USER_SCRIPT_SANDBOXING = YES;
				GCC_C_LANGUAGE_STANDARD = gnu17;
				GCC_NO_COMMON_BLOCKS = YES;
				GCC_WARN_64_TO_32_BIT_CONVERSION = YES;
				GCC_WARN_ABOUT_RETURN_TYPE = YES_ERROR;
				GCC_WARN_UNDECLARED_SELECTOR = YES;
				GCC_WARN_UNINITIALIZED_AUTOS = YES_AGGRESSIVE;
				GCC_WARN_UNUSED_FUNCTION = YES;
				GCC_WARN_UNUSED_VARIABLE = YES;
				IPHONEOS_DEPLOYMENT_TARGET = 17.0;
				MTL_ENABLE_DEBUG_INFO = NO;
				MTL_FAST_MATH = YES;
				SDKROOT = iphoneos;
				SWIFT_COMPILATION_MODE = wholemodule;
				VALIDATE_PRODUCT = YES;
			};
			name = Release;
		};
		G10006 /* Debug */ = {
			isa = XCBuildConfiguration;
			buildSettings = {
				ASSETCATALOG_COMPILER_APPICON_NAME = AppIcon;
				ASSETCATALOG_COMPILER_GLOBAL_ACCENT_COLOR_NAME = AccentColor;
				CODE_SIGN_STYLE = Automatic;
				CURRENT_PROJECT_VERSION = 1;
				DEVELOPMENT_TEAM = MBVPABF8MH;
				ENABLE_PREVIEWS = YES;
				GENERATE_INFOPLIST_FILE = YES;
				INFOPLIST_FILE = WeatherApp/Info.plist;
				INFOPLIST_KEY_CFBundleDisplayName = Weather;
				INFOPLIST_KEY_ITSAppUsesNonExemptEncryption = NO;
				INFOPLIST_KEY_LSApplicationCategoryType = "public.app-category.weather";
				INFOPLIST_KEY_NSCalendarsFullAccessUsageDescription = "Access your calendar to find the best weather windows in your free time for outdoor activities.";
				INFOPLIST_KEY_NSLocationWhenInUseUsageDescription = "We need your location to show you local weather conditions.";
				INFOPLIST_KEY_UIApplicationSceneManifest_Generation = YES;
				INFOPLIST_KEY_UIApplicationSupportsIndirectInputEvents = YES;
				INFOPLIST_KEY_UILaunchScreen_Generation = YES;
				INFOPLIST_KEY_UISupportedInterfaceOrientations = UIInterfaceOrientationPortrait;
				INFOPLIST_KEY_UISupportedInterfaceOrientations_iPad = "UIInterfaceOrientationLandscapeLeft UIInterfaceOrientationLandscapeRight UIInterfaceOrientationPortrait UIInterfaceOrientationPortraitUpsideDown";
				LD_RUNPATH_SEARCH_PATHS = (
					"$(inherited)",
					"@executable_path/Frameworks",
				);
				MARKETING_VERSION = 1.0;
				PRODUCT_BUNDLE_IDENTIFIER = com.weatherapp.betterWeather;
				PRODUCT_NAME = "$(TARGET_NAME)";
				SUPPORTED_PLATFORMS = "iphoneos iphonesimulator";
				SUPPORTS_MACCATALYST = NO;
				SWIFT_EMIT_LOC_STRINGS = YES;
				SWIFT_VERSION = 5.0;
				TARGETED_DEVICE_FAMILY = "1,2";
			};
			name = Debug;
		};
		G10007 /* Release */ = {
			isa = XCBuildConfiguration;
			buildSettings = {
				ASSETCATALOG_COMPILER_APPICON_NAME = AppIcon;
				ASSETCATALOG_COMPILER_GLOBAL_ACCENT_COLOR_NAME = AccentColor;
				CODE_SIGN_STYLE = Automatic;
				CURRENT_PROJECT_VERSION = 1;
				DEVELOPMENT_TEAM = MBVPABF8MH;
				ENABLE_PREVIEWS = YES;
				GENERATE_INFOPLIST_FILE = YES;
				INFOPLIST_FILE = WeatherApp/Info.plist;
				INFOPLIST_KEY_CFBundleDisplayName = Weather;
				INFOPLIST_KEY_ITSAppUsesNonExemptEncryption = NO;
				INFOPLIST_KEY_LSApplicationCategoryType = "public.app-category.weather";
				INFOPLIST_KEY_NSCalendarsFullAccessUsageDescription = "Access your calendar to find the best weather windows in your free time for outdoor activities.";
				INFOPLIST_KEY_NSLocationWhenInUseUsageDescription = "We need your location to show you local weather conditions.";
				INFOPLIST_KEY_UIApplicationSceneManifest_Generation = YES;
				INFOPLIST_KEY_UIApplicationSupportsIndirectInputEvents = YES;
				INFOPLIST_KEY_UILaunchScreen_Generation = YES;
				INFOPLIST_KEY_UISupportedInterfaceOrientations = UIInterfaceOrientationPortrait;
				INFOPLIST_KEY_UISupportedInterfaceOrientations_iPad = "UIInterfaceOrientationLandscapeLeft UIInterfaceOrientationLandscapeRight UIInterfaceOrientationPortrait UIInterfaceOrientationPortraitUpsideDown";
				LD_RUNPATH_SEARCH_PATHS = (
					"$(inherited)",
					"@executable_path/Frameworks",
				);
				MARKETING_VERSION = 1.0;
				PRODUCT_BUNDLE_IDENTIFIER = com.weatherapp.betterWeather;
				PRODUCT_NAME = "$(TARGET_NAME)";
				SUPPORTED_PLATFORMS = "iphoneos iphonesimulator";
				SUPPORTS_MACCATALYST = NO;
				SWIFT_EMIT_LOC_STRINGS = YES;
				SWIFT_VERSION = 5.0;
				TARGETED_DEVICE_FAMILY = "1,2";
			};
			name = Release;
		};
		G20001 /* Debug */ = {
			isa = XCBuildConfiguration;
			buildSettings = {
				CODE_SIGN_STYLE = Automatic;
				CURRENT_PROJECT_VERSION = 1;
				DEVELOPMENT_TEAM = MBVPABF8MH;
				GENERATE_INFOPLIST_FILE = YES;
				INFOPLIST_FILE = RainActivityWidget/Info.plist;
				INFOPLIST_KEY_CFBundleDisplayName = "Rain Activity";
				INFOPLIST_KEY_NSHumanReadableCopyright = "";
				LD_RUNPATH_SEARCH_PATHS = (
					"$(inherited)",
					"@executable_path/Frameworks",
					"@executable_path/../../Frameworks",
				);
				MARKETING_VERSION = 1.0;
				PRODUCT_BUNDLE_IDENTIFIER = com.weatherapp.betterWeather.RainActivityWidget;
				PRODUCT_NAME = "$(TARGET_NAME)";
				SKIP_INSTALL = YES;
				SUPPORTED_PLATFORMS = "iphoneos iphonesimulator";
				SWIFT_EMIT_LOC_STRINGS = YES;
				SWIFT_VERSION = 5.0;
				TARGETED_DEVICE_FAMILY = "1,2";
			};
			name = Debug;
		};
		G20002 /* Release */ = {
			isa = XCBuildConfiguration;
			buildSettings = {
				CODE_SIGN_STYLE = Automatic;
				CURRENT_PROJECT_VERSION = 1;
				DEVELOPMENT_TEAM = MBVPABF8MH;
				GENERATE_INFOPLIST_FILE = YES;
				INFOPLIST_FILE = RainActivityWidget/Info.plist;
				INFOPLIST_KEY_CFBundleDisplayName = "Rain Activity";
				INFOPLIST_KEY_NSHumanReadableCopyright = "";
				LD_RUNPATH_SEARCH_PATHS = (
					"$(inherited)",
					"@executable_path/Frameworks",
					"@executable_path/../../Frameworks",
				);
				MARKETING_VERSION = 1.0;
				PRODUCT_BUNDLE_IDENTIFIER = com.weatherapp.betterWeather.RainActivityWidget;
				PRODUCT_NAME = "$(TARGET_NAME)";
				SKIP_INSTALL = YES;
				SUPPORTED_PLATFORMS = "iphoneos iphonesimulator";
				SWIFT_EMIT_LOC_STRINGS = YES;
				SWIFT_VERSION = 5.0;
				TARGETED_DEVICE_FAMILY = "1,2";
			};
			name = Release;
		};
/* End XCBuildConfiguration section */

/* Begin PBXTargetDependency section */
		P10002 = {
			isa = PBXTargetDependency;
			target = F20001 /* RainActivityWidgetExtension */;
			targetProxy = P10001;
		};
/* End PBXTargetDependency section */

/* Begin XCConfigurationList section */
		G10001 /* Build configuration list for PBXProject "WeatherApp" */ = {
			isa = XCConfigurationList;
			buildConfigurations = (
				G10004 /* Debug */,
				G10005 /* Release */,
			);
			defaultConfigurationIsVisible = 0;
			defaultConfigurationName = Release;
		};
		G10003 /* Build configuration list for PBXNativeTarget "WeatherApp" */ = {
			isa = XCConfigurationList;
			buildConfigurations = (
				G10006 /* Debug */,
				G10007 /* Release */,
			);
			defaultConfigurationIsVisible = 0;
			defaultConfigurationName = Release;
		};
		G20003 /* Build configuration list for PBXNativeTarget "RainActivityWidgetExtension" */ = {
			isa = XCConfigurationList;
			buildConfigurations = (
				G20001 /* Debug */,
				G20002 /* Release */,
			);
			defaultConfigurationIsVisible = 0;
			defaultConfigurationName = Release;
		};
/* End XCConfigurationList section */
	};
	rootObject = H10001 /* Project object */;
}
